
Microsoft Visual Studio Solution File, Format Version 12.00
# Visual Studio Version 17
VisualStudioVersion = 17.11.35219.272
MinimumVisualStudioVersion = 10.0.40219.1
Project("{9A19103F-16F7-4668-BE54-9A1E7A4F7556}") = "SIE.CrossPlatform.Collect", "SIE.CrossPlatform.Collect\SIE.CrossPlatform.Collect.csproj", "{E878852E-72CE-4D45-A293-DC81FD1BC7CB}"
EndProject
Project("{9A19103F-16F7-4668-BE54-9A1E7A4F7556}") = "SIE.CrossPlatform.Collect.PDFPrinter", "SIE.CrossPlatform.Collect.PDFPrinter\SIE.CrossPlatform.Collect.PDFPrinter.csproj", "{D2876E8F-1079-423A-A0E1-A6C721EC0E15}"
EndProject
Project("{9A19103F-16F7-4668-BE54-9A1E7A4F7556}") = "SIE.CrossPlatform.Collect.Common", "SIE.CrossPlatform.Collect.Common\SIE.CrossPlatform.Collect.Common.csproj", "{93915E08-0424-48B9-A892-7A399237BC6D}"
EndProject
Project("{9A19103F-16F7-4668-BE54-9A1E7A4F7556}") = "SIE.CrossPlatform.Collect.Models", "SIE.CrossPlatform.Collect.Models\SIE.CrossPlatform.Collect.Models.csproj", "{666C29A3-1390-4A74-A0F9-6B7CD3BC8D82}"
EndProject
Global
	GlobalSection(SolutionConfigurationPlatforms) = preSolution
		Debug|Any CPU = Debug|Any CPU
		Release|Any CPU = Release|Any CPU
	EndGlobalSection
	GlobalSection(ProjectConfigurationPlatforms) = postSolution
		{E878852E-72CE-4D45-A293-DC81FD1BC7CB}.Debug|Any CPU.ActiveCfg = Debug|Any CPU
		{E878852E-72CE-4D45-A293-DC81FD1BC7CB}.Debug|Any CPU.Build.0 = Debug|Any CPU
		{E878852E-72CE-4D45-A293-DC81FD1BC7CB}.Release|Any CPU.ActiveCfg = Release|Any CPU
		{E878852E-72CE-4D45-A293-DC81FD1BC7CB}.Release|Any CPU.Build.0 = Release|Any CPU
		{D2876E8F-1079-423A-A0E1-A6C721EC0E15}.Debug|Any CPU.ActiveCfg = Debug|Any CPU
		{D2876E8F-1079-423A-A0E1-A6C721EC0E15}.Debug|Any CPU.Build.0 = Debug|Any CPU
		{D2876E8F-1079-423A-A0E1-A6C721EC0E15}.Release|Any CPU.ActiveCfg = Release|Any CPU
		{D2876E8F-1079-423A-A0E1-A6C721EC0E15}.Release|Any CPU.Build.0 = Release|Any CPU
		{93915E08-0424-48B9-A892-7A399237BC6D}.Debug|Any CPU.ActiveCfg = Debug|Any CPU
		{93915E08-0424-48B9-A892-7A399237BC6D}.Debug|Any CPU.Build.0 = Debug|Any CPU
		{93915E08-0424-48B9-A892-7A399237BC6D}.Release|Any CPU.ActiveCfg = Release|Any CPU
		{93915E08-0424-48B9-A892-7A399237BC6D}.Release|Any CPU.Build.0 = Release|Any CPU
		{666C29A3-1390-4A74-A0F9-6B7CD3BC8D82}.Debug|Any CPU.ActiveCfg = Debug|Any CPU
		{666C29A3-1390-4A74-A0F9-6B7CD3BC8D82}.Debug|Any CPU.Build.0 = Debug|Any CPU
		{666C29A3-1390-4A74-A0F9-6B7CD3BC8D82}.Release|Any CPU.ActiveCfg = Release|Any CPU
		{666C29A3-1390-4A74-A0F9-6B7CD3BC8D82}.Release|Any CPU.Build.0 = Release|Any CPU
	EndGlobalSection
	GlobalSection(SolutionProperties) = preSolution
		HideSolutionNode = FALSE
	EndGlobalSection
	GlobalSection(ExtensibilityGlobals) = postSolution
		SolutionGuid = {371701EC-21CE-4D48-926B-329A3DB7C722}
	EndGlobalSection
	GlobalSection(TeamFoundationVersionControl) = preSolution
		SccNumberOfProjects = 1
		SccEnterpriseProvider = {4CA58AB2-18FA-4F8D-95D4-32DDF27D184C}
		SccTeamFoundationServer = http://192.168.175.249:8080/tfs/sie-smom
		SccLocalPath0 = .
	EndGlobalSection
EndGlobal
