
Microsoft Visual Studio Solution File, Format Version 12.00
# Visual Studio Version 17
VisualStudioVersion = 17.1.32210.238
MinimumVisualStudioVersion = 10.0.40219.1
Project("{2150E333-8FDC-42A3-9474-1A3956D46DE8}") = "Modules", "Modules", "{A56834BF-DC60-4C8B-AA57-1F3071276CAC}"
EndProject
Project("{2150E333-8FDC-42A3-9474-1A3956D46DE8}") = "Items", "Items", "{D25EEE1D-DB4C-4F00-99E2-ECD646903BD3}"
EndProject
Project("{2150E333-8FDC-42A3-9474-1A3956D46DE8}") = "Resources", "Resources", "{962F2E56-023F-4A9B-B656-A8EA9AB4137C}"
EndProject
Project("{9A19103F-16F7-4668-BE54-9A1E7A4F7556}") = "SIE.EventMessages", "Modules\Common\Messages\SIE.EventMessages\SIE.EventMessages.csproj", "{10E05872-2F71-4FB8-9C64-8A2204D0AA9B}"
EndProject
Project("{2150E333-8FDC-42A3-9474-1A3956D46DE8}") = "CSM", "CSM", "{FB18FFC3-0616-4A52-9673-0DFB212DD8C9}"
EndProject
Project("{9A19103F-16F7-4668-BE54-9A1E7A4F7556}") = "SIE.CSM", "Modules\Common\CSM\SIE.CSM\SIE.CSM.csproj", "{1F4E5579-55BB-49BF-B12B-735305898366}"
EndProject
Project("{9A19103F-16F7-4668-BE54-9A1E7A4F7556}") = "SIE.Web.CSM", "Modules\Common\CSM\SIE.Web.CSM\SIE.Web.CSM.csproj", "{CE92718A-D689-40AB-A35F-01C25FADDCF7}"
EndProject
Project("{2150E333-8FDC-42A3-9474-1A3956D46DE8}") = "Defects", "Defects", "{DFFF16F1-ABF7-4B0A-958A-47A3C24A0968}"
EndProject
Project("{9A19103F-16F7-4668-BE54-9A1E7A4F7556}") = "SIE.Defects", "Modules\Common\Defects\SIE.Defects\SIE.Defects.csproj", "{7AEAF957-4E72-442F-98F5-1E5C20F6061B}"
EndProject
Project("{9A19103F-16F7-4668-BE54-9A1E7A4F7556}") = "SIE.Web.Defects", "Modules\Common\Defects\SIE.Web.Defects\SIE.Web.Defects.csproj", "{73F875FF-C341-455C-A98C-65C504B98F49}"
EndProject
Project("{9A19103F-16F7-4668-BE54-9A1E7A4F7556}") = "SIE.Items", "Modules\Common\Items\SIE.Items\SIE.Items.csproj", "{D9A02574-ABBC-4543-AB37-5B53F3177A33}"
EndProject
Project("{9A19103F-16F7-4668-BE54-9A1E7A4F7556}") = "SIE.Web.Items", "Modules\Common\Items\SIE.Web.Items\SIE.Web.Items.csproj", "{0430015D-D0AA-4F7A-B0B3-A91C74614BC3}"
EndProject
Project("{2150E333-8FDC-42A3-9474-1A3956D46DE8}") = "Packages", "Packages", "{10249E7D-7A99-42BC-9C7F-485DA2A45EC9}"
EndProject
Project("{9A19103F-16F7-4668-BE54-9A1E7A4F7556}") = "SIE.Packages", "Modules\Common\Packages\SIE.Packages\SIE.Packages.csproj", "{86A0B837-35CA-4AD3-98F5-84C6FC9F27A2}"
EndProject
Project("{9A19103F-16F7-4668-BE54-9A1E7A4F7556}") = "SIE.Web.Packages", "Modules\Common\Packages\SIE.Web.Packages\SIE.Web.Packages.csproj", "{F1A9225F-9E53-44B5-9E25-10AFABD67C5F}"
EndProject
Project("{2150E333-8FDC-42A3-9474-1A3956D46DE8}") = "Tech", "Tech", "{615E52A1-8419-4086-BA99-3A04F43E85AE}"
EndProject
Project("{9A19103F-16F7-4668-BE54-9A1E7A4F7556}") = "SIE.Tech", "Modules\Common\Techs\SIE.Tech\SIE.Tech.csproj", "{8761B18B-C848-4168-8794-2C237D6C18DE}"
EndProject
Project("{9A19103F-16F7-4668-BE54-9A1E7A4F7556}") = "SIE.Web.Tech", "Modules\Common\Techs\SIE.Web.Tech\SIE.Web.Tech.csproj", "{9FC8541F-0532-41AA-A10A-F7531D3B98B3}"
EndProject
Project("{9A19103F-16F7-4668-BE54-9A1E7A4F7556}") = "SIE.Resources", "Modules\Common\Resources\SIE.Resources\SIE.Resources.csproj", "{F83C5DCA-1829-47E3-B78C-D6D297FAC96E}"
EndProject
Project("{9A19103F-16F7-4668-BE54-9A1E7A4F7556}") = "SIE.Web.Resources", "Modules\Common\Resources\SIE.Web.Resources\SIE.Web.Resources.csproj", "{EA4CE800-3284-4DDA-8AB0-D23AEE9BA6C3}"
EndProject
Project("{9A19103F-16F7-4668-BE54-9A1E7A4F7556}") = "SIE.Web.Core", "Modules\Common\Core\SIE.Web.Core\SIE.Web.Core.csproj", "{6B46EBB1-3C1B-4D7E-B750-328B6925351F}"
EndProject
Project("{2150E333-8FDC-42A3-9474-1A3956D46DE8}") = "Warehouses", "Warehouses", "{C3D2F0B3-C9CA-4D34-AB7B-93D5BA2470C7}"
EndProject
Project("{9A19103F-16F7-4668-BE54-9A1E7A4F7556}") = "SIE.Warehouses", "Modules\Common\Warehouses\SIE.Warehouses\SIE.Warehouses.csproj", "{D1A2A7A2-C546-47AE-8F10-74585B7086EF}"
EndProject
Project("{9A19103F-16F7-4668-BE54-9A1E7A4F7556}") = "SIE.Web.Warehouses", "Modules\Common\Warehouses\SIE.Web.Warehouses\SIE.Web.Warehouses.csproj", "{42BB6EFA-5918-46B5-8D28-66792C3D31C2}"
EndProject
Project("{2150E333-8FDC-42A3-9474-1A3956D46DE8}") = "EMS", "EMS", "{A90B6A6C-A9FC-46F2-91B9-4429502264E0}"
EndProject
Project("{9A19103F-16F7-4668-BE54-9A1E7A4F7556}") = "SIE.EMS", "Modules\SEDO\EMS\SIE.EMS\SIE.EMS.csproj", "{F529E476-F85A-47BF-B6A3-D0F820DA1781}"
EndProject
Project("{9A19103F-16F7-4668-BE54-9A1E7A4F7556}") = "SIE.Web.EMS", "Modules\SEDO\EMS\SIE.Web.EMS\SIE.Web.EMS.csproj", "{48F35136-C9C4-413D-A8F6-9BB09EC374C2}"
EndProject
Project("{9A19103F-16F7-4668-BE54-9A1E7A4F7556}") = "SIE.EMS.Job", "Modules\SEDO\EMS\SIE.EMS.Job\SIE.EMS.Job.csproj", "{D2E864F8-FD7B-4D48-9768-2C700EF4ABE5}"
EndProject
Project("{9A19103F-16F7-4668-BE54-9A1E7A4F7556}") = "SIE.Core", "Modules\Common\Core\SIE.Core\SIE.Core.csproj", "{E842A7BE-0CE6-4966-A097-A8B354F2B1CE}"
EndProject
Project("{9A19103F-16F7-4668-BE54-9A1E7A4F7556}") = "SIE.Web.Tech.Common", "Modules\Common\Techs\SIE.Web.Tech.Common\SIE.Web.Tech.Common.csproj", "{523C7ACE-4CDD-470B-8241-E938303B2D2C}"
EndProject
Project("{9A19103F-16F7-4668-BE54-9A1E7A4F7556}") = "SIE.WebApiHost", "Projects\SEDO\SMOM\SIE.WebApiHost\SIE.WebApiHost.csproj", "{C890C500-5459-4644-AD00-00E6D1A303DE}"
EndProject
Project("{9A19103F-16F7-4668-BE54-9A1E7A4F7556}") = "WebClient", "Projects\SEDO\SMOM\WebClient\WebClient.csproj", "{5C63986B-6C51-4EB0-82D8-7E438071B0CC}"
EndProject
Project("{2150E333-8FDC-42A3-9474-1A3956D46DE8}") = "AbnormalInfo", "AbnormalInfo", "{93B67E62-03E2-4718-A269-B8119380A1B3}"
EndProject
Project("{9A19103F-16F7-4668-BE54-9A1E7A4F7556}") = "SIE.AbnormalInfo", "Modules\Common\AbnormalInfo\SIE.AbnormalInfo\SIE.AbnormalInfo.csproj", "{DD93B19E-BA52-44C1-89CA-574781339D85}"
EndProject
Project("{9A19103F-16F7-4668-BE54-9A1E7A4F7556}") = "SIE.Web.AbnormalInfo", "Modules\Common\AbnormalInfo\SIE.Web.AbnormalInfo\SIE.Web.AbnormalInfo.csproj", "{23FA042C-0B65-4E19-86DD-E138B5B07594}"
EndProject
Project("{2150E333-8FDC-42A3-9474-1A3956D46DE8}") = "Common", "Common", "{95F09100-2A65-4258-9256-33A38DC3965F}"
EndProject
Project("{2150E333-8FDC-42A3-9474-1A3956D46DE8}") = "DataAuth", "DataAuth", "{2685A40A-1DA5-4E2B-8704-3CA153C9C8D7}"
EndProject
Project("{9A19103F-16F7-4668-BE54-9A1E7A4F7556}") = "SIE.DataAuth", "Modules\Common\DataAuth\SIE.DataAuth\SIE.DataAuth.csproj", "{0FE97E48-67BB-4E8B-9E7E-31DBA49C1ABC}"
EndProject
Project("{2150E333-8FDC-42A3-9474-1A3956D46DE8}") = "Equipments", "Equipments", "{AE7D5521-3B2B-4A40-A62D-49D46C16A916}"
EndProject
Project("{9A19103F-16F7-4668-BE54-9A1E7A4F7556}") = "SIE.Equipments", "Modules\Common\Equipments\SIE.Equipments\SIE.Equipments.csproj", "{21115994-E2C0-4564-A60B-0CBFF1F28E60}"
EndProject
Project("{9A19103F-16F7-4668-BE54-9A1E7A4F7556}") = "SIE.Web.Equipments", "Modules\Common\Equipments\SIE.Web.Equipments\SIE.Web.Equipments.csproj", "{4040E97D-4558-4663-9D17-61C4BC08E2DB}"
EndProject
Project("{9A19103F-16F7-4668-BE54-9A1E7A4F7556}") = "SIE.EMS.API", "Modules\SEDO\EMS\SIE.EMS.API\SIE.EMS.API.csproj", "{76654C46-A646-4267-84E0-B42DAFAA304C}"
EndProject
Project("{9A19103F-16F7-4668-BE54-9A1E7A4F7556}") = "SIE.EMS.EquipCheck", "Modules\SEDO\EMS\SIE.EMS.EquipCheck\SIE.EMS.EquipCheck.csproj", "{AD02C54B-1AD9-4318-AEA5-B4F2700D32B6}"
EndProject
Project("{9A19103F-16F7-4668-BE54-9A1E7A4F7556}") = "SIE.EMS.EquipMaint", "Modules\SEDO\EMS\SIE.EMS.EquipMaint\SIE.EMS.EquipMaint.csproj", "{746BC33C-3BB3-4FC3-A370-5A650DF2C624}"
EndProject
Project("{9A19103F-16F7-4668-BE54-9A1E7A4F7556}") = "SIE.EMS.EquipRepair", "Modules\SEDO\EMS\SIE.EMS.EquipRepair\SIE.EMS.EquipRepair.csproj", "{33D9819E-20CC-4C97-9448-57366A1F926D}"
EndProject
Project("{9A19103F-16F7-4668-BE54-9A1E7A4F7556}") = "SIE.EMS.Report", "Modules\SEDO\EMS\SIE.EMS.Report\SIE.EMS.Report.csproj", "{CF153606-E4EC-4144-A469-619F8FC333D3}"
EndProject
Project("{9A19103F-16F7-4668-BE54-9A1E7A4F7556}") = "SIE.Web.EMS.EquipCheck", "Modules\SEDO\EMS\SIE.Web.EMS.EquipCheck\SIE.Web.EMS.EquipCheck.csproj", "{F66FB0B5-FAC6-4847-BCAD-11D517306C6C}"
EndProject
Project("{9A19103F-16F7-4668-BE54-9A1E7A4F7556}") = "SIE.Web.EMS.EquipMaint", "Modules\SEDO\EMS\SIE.Web.EMS.EquipMaint\SIE.Web.EMS.EquipMaint.csproj", "{404E2993-464E-4109-981E-FD3AA0503A15}"
EndProject
Project("{9A19103F-16F7-4668-BE54-9A1E7A4F7556}") = "SIE.Web.EMS.EquipRepair", "Modules\SEDO\EMS\SIE.Web.EMS.EquipRepair\SIE.Web.EMS.EquipRepair.csproj", "{E089A850-85F8-47FB-9035-A5E5992982A6}"
EndProject
Project("{9A19103F-16F7-4668-BE54-9A1E7A4F7556}") = "SIE.Web.EMS.Report", "Modules\SEDO\EMS\SIE.Web.EMS.Report\SIE.Web.EMS.Report.csproj", "{614E2445-6335-48AA-8EAB-50FD4952F7A6}"
EndProject
Project("{9A19103F-16F7-4668-BE54-9A1E7A4F7556}") = "SIE.xUnit.Core", "Modules\Common\Core\SIE.xUnit.Core\SIE.xUnit.Core.csproj", "{EA697DCC-529C-4A89-8285-6606A09621CE}"
EndProject
Project("{9A19103F-16F7-4668-BE54-9A1E7A4F7556}") = "SIE.xUnit.CSM", "Modules\Common\CSM\SIE.xUnit.CSM\SIE.xUnit.CSM.csproj", "{10854724-C1C1-4F1F-ADB1-3626DB83486B}"
EndProject
Project("{9A19103F-16F7-4668-BE54-9A1E7A4F7556}") = "SIE.EMS.EarlierStage", "Modules\SEDO\EMS\SIE.EMS.EarlierStage\SIE.EMS.EarlierStage.csproj", "{36B969E7-18C3-4E7F-9671-AA9803909317}"
EndProject
Project("{9A19103F-16F7-4668-BE54-9A1E7A4F7556}") = "SIE.Web.EMS.EarlierStage", "Modules\SEDO\EMS\SIE.Web.EMS.EarlierStage\SIE.Web.EMS.EarlierStage.csproj", "{4B51966A-E118-4C3C-8901-8B62B7787C0E}"
EndProject
Project("{9A19103F-16F7-4668-BE54-9A1E7A4F7556}") = "SIE.Fixtures", "Modules\Common\Equipments\SIE.Fixtures\SIE.Fixtures.csproj", "{2185ED75-9BD4-48A0-BF99-E3277247A7A8}"
EndProject
Project("{9A19103F-16F7-4668-BE54-9A1E7A4F7556}") = "SIE.Web.Fixtures", "Modules\Common\Equipments\SIE.Web.Fixtures\SIE.Web.Fixtures.csproj", "{F7FBEFBE-3056-40C2-B2E1-713250462952}"
EndProject
Project("{2150E333-8FDC-42A3-9474-1A3956D46DE8}") = "TurnoverTools", "TurnoverTools", "{0000D7CE-C39D-4BC6-A322-60753575D379}"
EndProject
Project("{9A19103F-16F7-4668-BE54-9A1E7A4F7556}") = "SIE.TurnoverTools", "Modules\Common\TurnoverTools\SIE.TurnoverTools\SIE.TurnoverTools.csproj", "{34B90F93-137D-4A4A-9A03-C6B7C22D4106}"
EndProject
Project("{9A19103F-16F7-4668-BE54-9A1E7A4F7556}") = "SIE.Web.TurnoverTools", "Modules\Common\TurnoverTools\SIE.Web.TurnoverTools\SIE.Web.TurnoverTools.csproj", "{657D096B-8731-43ED-98AF-BF11E78E0CFF}"
EndProject
Project("{9A19103F-16F7-4668-BE54-9A1E7A4F7556}") = "SIE.EMS.Purchases", "Modules\SEDO\EMS\SIE.EMS.Purchases\SIE.EMS.Purchases.csproj", "{73BFB5E1-0512-485C-8E69-F022D1F59D95}"
EndProject
Project("{9A19103F-16F7-4668-BE54-9A1E7A4F7556}") = "SIE.Web.EMS.Purchases", "Modules\SEDO\EMS\SIE.Web.EMS.Purchases\SIE.Web.EMS.Purchases.csproj", "{7728B946-AB54-4215-928C-D459C04319B5}"
EndProject
Project("{9A19103F-16F7-4668-BE54-9A1E7A4F7556}") = "SIE.EMS.SpecialEquipment", "Modules\SEDO\EMS\SIE.EMS.SpecialEquipment\SIE.EMS.SpecialEquipment.csproj", "{222836DA-48C0-43F8-9583-B84DBAD4A982}"
EndProject
Project("{9A19103F-16F7-4668-BE54-9A1E7A4F7556}") = "SIE.Web.EMS.SpecialEquipment", "Modules\SEDO\EMS\SIE.Web.EMS.SpecialEquipment\SIE.Web.EMS.SpecialEquipment.csproj", "{4C7BF328-BBB7-4188-825F-6FE773BF2B69}"
EndProject
Project("{2150E333-8FDC-42A3-9474-1A3956D46DE8}") = "Solution Items", "Solution Items", "{EBBC26C8-3DF9-4EF1-93DA-EFE4BDF884D9}"
	ProjectSection(SolutionItems) = preProject
		.editorconfig = .editorconfig
	EndProjectSection
EndProject
Project("{9A19103F-16F7-4668-BE54-9A1E7A4F7556}") = "SIE.EMS.WorkFlow", "Modules\SEDO\EMS\SIE.EMS.WorkFlow\SIE.EMS.WorkFlow.csproj", "{6C22CF7C-4565-4A36-B300-8E45365D1247}"
EndProject
Project("{9A19103F-16F7-4668-BE54-9A1E7A4F7556}") = "SIE.EMS.MeteringEquipment", "Modules\SEDO\EMS\SIE.EMS.MeteringEquipment\SIE.EMS.MeteringEquipment.csproj", "{C93810B6-4FAF-4CA0-B4D8-7BE6EC882878}"
EndProject
Project("{9A19103F-16F7-4668-BE54-9A1E7A4F7556}") = "SIE.Web.EMS.MeteringEquipment", "Modules\SEDO\EMS\SIE.Web.EMS.MeteringEquipment\SIE.Web.EMS.MeteringEquipment.csproj", "{545C4850-E624-4856-B102-A8C65FF739BB}"
EndProject
Global
	GlobalSection(SolutionConfigurationPlatforms) = preSolution
		ApiHostPublish|Any CPU = ApiHostPublish|Any CPU
		ApiHostPublish|x64 = ApiHostPublish|x64
		BsPortalPublish|Any CPU = BsPortalPublish|Any CPU
		BsPortalPublish|x64 = BsPortalPublish|x64
		Debug|Any CPU = Debug|Any CPU
		Debug|x64 = Debug|x64
		Release|Any CPU = Release|Any CPU
		Release|x64 = Release|x64
		WpfPublish|Any CPU = WpfPublish|Any CPU
		WpfPublish|x64 = WpfPublish|x64
	EndGlobalSection
	GlobalSection(ProjectConfigurationPlatforms) = postSolution
		{10E05872-2F71-4FB8-9C64-8A2204D0AA9B}.ApiHostPublish|Any CPU.ActiveCfg = Release|Any CPU
		{10E05872-2F71-4FB8-9C64-8A2204D0AA9B}.ApiHostPublish|x64.ActiveCfg = Release|Any CPU
		{10E05872-2F71-4FB8-9C64-8A2204D0AA9B}.BsPortalPublish|Any CPU.ActiveCfg = Release|Any CPU
		{10E05872-2F71-4FB8-9C64-8A2204D0AA9B}.BsPortalPublish|x64.ActiveCfg = Release|Any CPU
		{10E05872-2F71-4FB8-9C64-8A2204D0AA9B}.Debug|Any CPU.ActiveCfg = Debug|Any CPU
		{10E05872-2F71-4FB8-9C64-8A2204D0AA9B}.Debug|Any CPU.Build.0 = Debug|Any CPU
		{10E05872-2F71-4FB8-9C64-8A2204D0AA9B}.Debug|x64.ActiveCfg = Debug|Any CPU
		{10E05872-2F71-4FB8-9C64-8A2204D0AA9B}.Debug|x64.Build.0 = Debug|Any CPU
		{10E05872-2F71-4FB8-9C64-8A2204D0AA9B}.Release|Any CPU.ActiveCfg = Release|Any CPU
		{10E05872-2F71-4FB8-9C64-8A2204D0AA9B}.Release|Any CPU.Build.0 = Release|Any CPU
		{10E05872-2F71-4FB8-9C64-8A2204D0AA9B}.Release|x64.ActiveCfg = Release|Any CPU
		{10E05872-2F71-4FB8-9C64-8A2204D0AA9B}.Release|x64.Build.0 = Release|Any CPU
		{10E05872-2F71-4FB8-9C64-8A2204D0AA9B}.WpfPublish|Any CPU.ActiveCfg = Release|Any CPU
		{10E05872-2F71-4FB8-9C64-8A2204D0AA9B}.WpfPublish|x64.ActiveCfg = Release|Any CPU
		{1F4E5579-55BB-49BF-B12B-735305898366}.ApiHostPublish|Any CPU.ActiveCfg = Release|Any CPU
		{1F4E5579-55BB-49BF-B12B-735305898366}.ApiHostPublish|x64.ActiveCfg = Release|Any CPU
		{1F4E5579-55BB-49BF-B12B-735305898366}.BsPortalPublish|Any CPU.ActiveCfg = Release|Any CPU
		{1F4E5579-55BB-49BF-B12B-735305898366}.BsPortalPublish|x64.ActiveCfg = Release|Any CPU
		{1F4E5579-55BB-49BF-B12B-735305898366}.Debug|Any CPU.ActiveCfg = Debug|Any CPU
		{1F4E5579-55BB-49BF-B12B-735305898366}.Debug|Any CPU.Build.0 = Debug|Any CPU
		{1F4E5579-55BB-49BF-B12B-735305898366}.Debug|x64.ActiveCfg = Debug|Any CPU
		{1F4E5579-55BB-49BF-B12B-735305898366}.Debug|x64.Build.0 = Debug|Any CPU
		{1F4E5579-55BB-49BF-B12B-735305898366}.Release|Any CPU.ActiveCfg = Release|Any CPU
		{1F4E5579-55BB-49BF-B12B-735305898366}.Release|Any CPU.Build.0 = Release|Any CPU
		{1F4E5579-55BB-49BF-B12B-735305898366}.Release|x64.ActiveCfg = Release|Any CPU
		{1F4E5579-55BB-49BF-B12B-735305898366}.Release|x64.Build.0 = Release|Any CPU
		{1F4E5579-55BB-49BF-B12B-735305898366}.WpfPublish|Any CPU.ActiveCfg = Release|Any CPU
		{1F4E5579-55BB-49BF-B12B-735305898366}.WpfPublish|x64.ActiveCfg = Release|Any CPU
		{CE92718A-D689-40AB-A35F-01C25FADDCF7}.ApiHostPublish|Any CPU.ActiveCfg = Release|Any CPU
		{CE92718A-D689-40AB-A35F-01C25FADDCF7}.ApiHostPublish|x64.ActiveCfg = Release|Any CPU
		{CE92718A-D689-40AB-A35F-01C25FADDCF7}.BsPortalPublish|Any CPU.ActiveCfg = Release|Any CPU
		{CE92718A-D689-40AB-A35F-01C25FADDCF7}.BsPortalPublish|x64.ActiveCfg = Release|Any CPU
		{CE92718A-D689-40AB-A35F-01C25FADDCF7}.Debug|Any CPU.ActiveCfg = Debug|Any CPU
		{CE92718A-D689-40AB-A35F-01C25FADDCF7}.Debug|Any CPU.Build.0 = Debug|Any CPU
		{CE92718A-D689-40AB-A35F-01C25FADDCF7}.Debug|x64.ActiveCfg = Debug|Any CPU
		{CE92718A-D689-40AB-A35F-01C25FADDCF7}.Debug|x64.Build.0 = Debug|Any CPU
		{CE92718A-D689-40AB-A35F-01C25FADDCF7}.Release|Any CPU.ActiveCfg = Release|Any CPU
		{CE92718A-D689-40AB-A35F-01C25FADDCF7}.Release|Any CPU.Build.0 = Release|Any CPU
		{CE92718A-D689-40AB-A35F-01C25FADDCF7}.Release|x64.ActiveCfg = Release|Any CPU
		{CE92718A-D689-40AB-A35F-01C25FADDCF7}.Release|x64.Build.0 = Release|Any CPU
		{CE92718A-D689-40AB-A35F-01C25FADDCF7}.WpfPublish|Any CPU.ActiveCfg = Release|Any CPU
		{CE92718A-D689-40AB-A35F-01C25FADDCF7}.WpfPublish|x64.ActiveCfg = Release|Any CPU
		{7AEAF957-4E72-442F-98F5-1E5C20F6061B}.ApiHostPublish|Any CPU.ActiveCfg = Release|Any CPU
		{7AEAF957-4E72-442F-98F5-1E5C20F6061B}.ApiHostPublish|x64.ActiveCfg = Release|Any CPU
		{7AEAF957-4E72-442F-98F5-1E5C20F6061B}.BsPortalPublish|Any CPU.ActiveCfg = Release|Any CPU
		{7AEAF957-4E72-442F-98F5-1E5C20F6061B}.BsPortalPublish|x64.ActiveCfg = Release|Any CPU
		{7AEAF957-4E72-442F-98F5-1E5C20F6061B}.Debug|Any CPU.ActiveCfg = Debug|Any CPU
		{7AEAF957-4E72-442F-98F5-1E5C20F6061B}.Debug|Any CPU.Build.0 = Debug|Any CPU
		{7AEAF957-4E72-442F-98F5-1E5C20F6061B}.Debug|x64.ActiveCfg = Debug|Any CPU
		{7AEAF957-4E72-442F-98F5-1E5C20F6061B}.Debug|x64.Build.0 = Debug|Any CPU
		{7AEAF957-4E72-442F-98F5-1E5C20F6061B}.Release|Any CPU.ActiveCfg = Release|Any CPU
		{7AEAF957-4E72-442F-98F5-1E5C20F6061B}.Release|Any CPU.Build.0 = Release|Any CPU
		{7AEAF957-4E72-442F-98F5-1E5C20F6061B}.Release|x64.ActiveCfg = Release|Any CPU
		{7AEAF957-4E72-442F-98F5-1E5C20F6061B}.Release|x64.Build.0 = Release|Any CPU
		{7AEAF957-4E72-442F-98F5-1E5C20F6061B}.WpfPublish|Any CPU.ActiveCfg = Release|Any CPU
		{7AEAF957-4E72-442F-98F5-1E5C20F6061B}.WpfPublish|x64.ActiveCfg = Release|Any CPU
		{73F875FF-C341-455C-A98C-65C504B98F49}.ApiHostPublish|Any CPU.ActiveCfg = Release|Any CPU
		{73F875FF-C341-455C-A98C-65C504B98F49}.ApiHostPublish|x64.ActiveCfg = Release|Any CPU
		{73F875FF-C341-455C-A98C-65C504B98F49}.BsPortalPublish|Any CPU.ActiveCfg = Release|Any CPU
		{73F875FF-C341-455C-A98C-65C504B98F49}.BsPortalPublish|x64.ActiveCfg = Release|Any CPU
		{73F875FF-C341-455C-A98C-65C504B98F49}.Debug|Any CPU.ActiveCfg = Debug|Any CPU
		{73F875FF-C341-455C-A98C-65C504B98F49}.Debug|Any CPU.Build.0 = Debug|Any CPU
		{73F875FF-C341-455C-A98C-65C504B98F49}.Debug|x64.ActiveCfg = Debug|Any CPU
		{73F875FF-C341-455C-A98C-65C504B98F49}.Debug|x64.Build.0 = Debug|Any CPU
		{73F875FF-C341-455C-A98C-65C504B98F49}.Release|Any CPU.ActiveCfg = Release|Any CPU
		{73F875FF-C341-455C-A98C-65C504B98F49}.Release|Any CPU.Build.0 = Release|Any CPU
		{73F875FF-C341-455C-A98C-65C504B98F49}.Release|x64.ActiveCfg = Release|Any CPU
		{73F875FF-C341-455C-A98C-65C504B98F49}.Release|x64.Build.0 = Release|Any CPU
		{73F875FF-C341-455C-A98C-65C504B98F49}.WpfPublish|Any CPU.ActiveCfg = Release|Any CPU
		{73F875FF-C341-455C-A98C-65C504B98F49}.WpfPublish|x64.ActiveCfg = Release|Any CPU
		{D9A02574-ABBC-4543-AB37-5B53F3177A33}.ApiHostPublish|Any CPU.ActiveCfg = Release|Any CPU
		{D9A02574-ABBC-4543-AB37-5B53F3177A33}.ApiHostPublish|x64.ActiveCfg = Release|Any CPU
		{D9A02574-ABBC-4543-AB37-5B53F3177A33}.BsPortalPublish|Any CPU.ActiveCfg = Release|Any CPU
		{D9A02574-ABBC-4543-AB37-5B53F3177A33}.BsPortalPublish|x64.ActiveCfg = Release|Any CPU
		{D9A02574-ABBC-4543-AB37-5B53F3177A33}.Debug|Any CPU.ActiveCfg = Debug|Any CPU
		{D9A02574-ABBC-4543-AB37-5B53F3177A33}.Debug|Any CPU.Build.0 = Debug|Any CPU
		{D9A02574-ABBC-4543-AB37-5B53F3177A33}.Debug|x64.ActiveCfg = Debug|Any CPU
		{D9A02574-ABBC-4543-AB37-5B53F3177A33}.Debug|x64.Build.0 = Debug|Any CPU
		{D9A02574-ABBC-4543-AB37-5B53F3177A33}.Release|Any CPU.ActiveCfg = Release|Any CPU
		{D9A02574-ABBC-4543-AB37-5B53F3177A33}.Release|Any CPU.Build.0 = Release|Any CPU
		{D9A02574-ABBC-4543-AB37-5B53F3177A33}.Release|x64.ActiveCfg = Release|Any CPU
		{D9A02574-ABBC-4543-AB37-5B53F3177A33}.Release|x64.Build.0 = Release|Any CPU
		{D9A02574-ABBC-4543-AB37-5B53F3177A33}.WpfPublish|Any CPU.ActiveCfg = Release|Any CPU
		{D9A02574-ABBC-4543-AB37-5B53F3177A33}.WpfPublish|x64.ActiveCfg = Release|Any CPU
		{0430015D-D0AA-4F7A-B0B3-A91C74614BC3}.ApiHostPublish|Any CPU.ActiveCfg = Release|Any CPU
		{0430015D-D0AA-4F7A-B0B3-A91C74614BC3}.ApiHostPublish|x64.ActiveCfg = Release|Any CPU
		{0430015D-D0AA-4F7A-B0B3-A91C74614BC3}.BsPortalPublish|Any CPU.ActiveCfg = Release|Any CPU
		{0430015D-D0AA-4F7A-B0B3-A91C74614BC3}.BsPortalPublish|x64.ActiveCfg = Release|Any CPU
		{0430015D-D0AA-4F7A-B0B3-A91C74614BC3}.Debug|Any CPU.ActiveCfg = Debug|Any CPU
		{0430015D-D0AA-4F7A-B0B3-A91C74614BC3}.Debug|Any CPU.Build.0 = Debug|Any CPU
		{0430015D-D0AA-4F7A-B0B3-A91C74614BC3}.Debug|x64.ActiveCfg = Debug|Any CPU
		{0430015D-D0AA-4F7A-B0B3-A91C74614BC3}.Debug|x64.Build.0 = Debug|Any CPU
		{0430015D-D0AA-4F7A-B0B3-A91C74614BC3}.Release|Any CPU.ActiveCfg = Release|Any CPU
		{0430015D-D0AA-4F7A-B0B3-A91C74614BC3}.Release|Any CPU.Build.0 = Release|Any CPU
		{0430015D-D0AA-4F7A-B0B3-A91C74614BC3}.Release|x64.ActiveCfg = Release|Any CPU
		{0430015D-D0AA-4F7A-B0B3-A91C74614BC3}.Release|x64.Build.0 = Release|Any CPU
		{0430015D-D0AA-4F7A-B0B3-A91C74614BC3}.WpfPublish|Any CPU.ActiveCfg = Release|Any CPU
		{0430015D-D0AA-4F7A-B0B3-A91C74614BC3}.WpfPublish|x64.ActiveCfg = Release|Any CPU
		{86A0B837-35CA-4AD3-98F5-84C6FC9F27A2}.ApiHostPublish|Any CPU.ActiveCfg = Release|Any CPU
		{86A0B837-35CA-4AD3-98F5-84C6FC9F27A2}.ApiHostPublish|x64.ActiveCfg = Release|Any CPU
		{86A0B837-35CA-4AD3-98F5-84C6FC9F27A2}.BsPortalPublish|Any CPU.ActiveCfg = Release|Any CPU
		{86A0B837-35CA-4AD3-98F5-84C6FC9F27A2}.BsPortalPublish|x64.ActiveCfg = Release|Any CPU
		{86A0B837-35CA-4AD3-98F5-84C6FC9F27A2}.Debug|Any CPU.ActiveCfg = Debug|Any CPU
		{86A0B837-35CA-4AD3-98F5-84C6FC9F27A2}.Debug|Any CPU.Build.0 = Debug|Any CPU
		{86A0B837-35CA-4AD3-98F5-84C6FC9F27A2}.Debug|x64.ActiveCfg = Debug|Any CPU
		{86A0B837-35CA-4AD3-98F5-84C6FC9F27A2}.Debug|x64.Build.0 = Debug|Any CPU
		{86A0B837-35CA-4AD3-98F5-84C6FC9F27A2}.Release|Any CPU.ActiveCfg = Release|Any CPU
		{86A0B837-35CA-4AD3-98F5-84C6FC9F27A2}.Release|Any CPU.Build.0 = Release|Any CPU
		{86A0B837-35CA-4AD3-98F5-84C6FC9F27A2}.Release|x64.ActiveCfg = Release|Any CPU
		{86A0B837-35CA-4AD3-98F5-84C6FC9F27A2}.Release|x64.Build.0 = Release|Any CPU
		{86A0B837-35CA-4AD3-98F5-84C6FC9F27A2}.WpfPublish|Any CPU.ActiveCfg = Release|Any CPU
		{86A0B837-35CA-4AD3-98F5-84C6FC9F27A2}.WpfPublish|x64.ActiveCfg = Release|Any CPU
		{F1A9225F-9E53-44B5-9E25-10AFABD67C5F}.ApiHostPublish|Any CPU.ActiveCfg = Release|Any CPU
		{F1A9225F-9E53-44B5-9E25-10AFABD67C5F}.ApiHostPublish|x64.ActiveCfg = Release|Any CPU
		{F1A9225F-9E53-44B5-9E25-10AFABD67C5F}.BsPortalPublish|Any CPU.ActiveCfg = Release|Any CPU
		{F1A9225F-9E53-44B5-9E25-10AFABD67C5F}.BsPortalPublish|x64.ActiveCfg = Release|Any CPU
		{F1A9225F-9E53-44B5-9E25-10AFABD67C5F}.Debug|Any CPU.ActiveCfg = Debug|Any CPU
		{F1A9225F-9E53-44B5-9E25-10AFABD67C5F}.Debug|Any CPU.Build.0 = Debug|Any CPU
		{F1A9225F-9E53-44B5-9E25-10AFABD67C5F}.Debug|x64.ActiveCfg = Debug|Any CPU
		{F1A9225F-9E53-44B5-9E25-10AFABD67C5F}.Debug|x64.Build.0 = Debug|Any CPU
		{F1A9225F-9E53-44B5-9E25-10AFABD67C5F}.Release|Any CPU.ActiveCfg = Release|Any CPU
		{F1A9225F-9E53-44B5-9E25-10AFABD67C5F}.Release|Any CPU.Build.0 = Release|Any CPU
		{F1A9225F-9E53-44B5-9E25-10AFABD67C5F}.Release|x64.ActiveCfg = Release|Any CPU
		{F1A9225F-9E53-44B5-9E25-10AFABD67C5F}.Release|x64.Build.0 = Release|Any CPU
		{F1A9225F-9E53-44B5-9E25-10AFABD67C5F}.WpfPublish|Any CPU.ActiveCfg = Release|Any CPU
		{F1A9225F-9E53-44B5-9E25-10AFABD67C5F}.WpfPublish|x64.ActiveCfg = Release|Any CPU
		{8761B18B-C848-4168-8794-2C237D6C18DE}.ApiHostPublish|Any CPU.ActiveCfg = Release|Any CPU
		{8761B18B-C848-4168-8794-2C237D6C18DE}.ApiHostPublish|x64.ActiveCfg = Release|Any CPU
		{8761B18B-C848-4168-8794-2C237D6C18DE}.BsPortalPublish|Any CPU.ActiveCfg = Release|Any CPU
		{8761B18B-C848-4168-8794-2C237D6C18DE}.BsPortalPublish|x64.ActiveCfg = Release|Any CPU
		{8761B18B-C848-4168-8794-2C237D6C18DE}.Debug|Any CPU.ActiveCfg = Debug|Any CPU
		{8761B18B-C848-4168-8794-2C237D6C18DE}.Debug|Any CPU.Build.0 = Debug|Any CPU
		{8761B18B-C848-4168-8794-2C237D6C18DE}.Debug|x64.ActiveCfg = Debug|Any CPU
		{8761B18B-C848-4168-8794-2C237D6C18DE}.Debug|x64.Build.0 = Debug|Any CPU
		{8761B18B-C848-4168-8794-2C237D6C18DE}.Release|Any CPU.ActiveCfg = Release|Any CPU
		{8761B18B-C848-4168-8794-2C237D6C18DE}.Release|Any CPU.Build.0 = Release|Any CPU
		{8761B18B-C848-4168-8794-2C237D6C18DE}.Release|x64.ActiveCfg = Release|Any CPU
		{8761B18B-C848-4168-8794-2C237D6C18DE}.Release|x64.Build.0 = Release|Any CPU
		{8761B18B-C848-4168-8794-2C237D6C18DE}.WpfPublish|Any CPU.ActiveCfg = Release|Any CPU
		{8761B18B-C848-4168-8794-2C237D6C18DE}.WpfPublish|x64.ActiveCfg = Release|Any CPU
		{9FC8541F-0532-41AA-A10A-F7531D3B98B3}.ApiHostPublish|Any CPU.ActiveCfg = Release|Any CPU
		{9FC8541F-0532-41AA-A10A-F7531D3B98B3}.ApiHostPublish|x64.ActiveCfg = Release|Any CPU
		{9FC8541F-0532-41AA-A10A-F7531D3B98B3}.BsPortalPublish|Any CPU.ActiveCfg = Release|Any CPU
		{9FC8541F-0532-41AA-A10A-F7531D3B98B3}.BsPortalPublish|x64.ActiveCfg = Release|Any CPU
		{9FC8541F-0532-41AA-A10A-F7531D3B98B3}.Debug|Any CPU.ActiveCfg = Debug|Any CPU
		{9FC8541F-0532-41AA-A10A-F7531D3B98B3}.Debug|Any CPU.Build.0 = Debug|Any CPU
		{9FC8541F-0532-41AA-A10A-F7531D3B98B3}.Debug|x64.ActiveCfg = Debug|Any CPU
		{9FC8541F-0532-41AA-A10A-F7531D3B98B3}.Debug|x64.Build.0 = Debug|Any CPU
		{9FC8541F-0532-41AA-A10A-F7531D3B98B3}.Release|Any CPU.ActiveCfg = Release|Any CPU
		{9FC8541F-0532-41AA-A10A-F7531D3B98B3}.Release|Any CPU.Build.0 = Release|Any CPU
		{9FC8541F-0532-41AA-A10A-F7531D3B98B3}.Release|x64.ActiveCfg = Release|Any CPU
		{9FC8541F-0532-41AA-A10A-F7531D3B98B3}.Release|x64.Build.0 = Release|Any CPU
		{9FC8541F-0532-41AA-A10A-F7531D3B98B3}.WpfPublish|Any CPU.ActiveCfg = Release|Any CPU
		{9FC8541F-0532-41AA-A10A-F7531D3B98B3}.WpfPublish|x64.ActiveCfg = Release|Any CPU
		{F83C5DCA-1829-47E3-B78C-D6D297FAC96E}.ApiHostPublish|Any CPU.ActiveCfg = Release|Any CPU
		{F83C5DCA-1829-47E3-B78C-D6D297FAC96E}.ApiHostPublish|x64.ActiveCfg = Release|Any CPU
		{F83C5DCA-1829-47E3-B78C-D6D297FAC96E}.BsPortalPublish|Any CPU.ActiveCfg = Release|Any CPU
		{F83C5DCA-1829-47E3-B78C-D6D297FAC96E}.BsPortalPublish|x64.ActiveCfg = Release|Any CPU
		{F83C5DCA-1829-47E3-B78C-D6D297FAC96E}.Debug|Any CPU.ActiveCfg = Debug|Any CPU
		{F83C5DCA-1829-47E3-B78C-D6D297FAC96E}.Debug|Any CPU.Build.0 = Debug|Any CPU
		{F83C5DCA-1829-47E3-B78C-D6D297FAC96E}.Debug|x64.ActiveCfg = Debug|Any CPU
		{F83C5DCA-1829-47E3-B78C-D6D297FAC96E}.Debug|x64.Build.0 = Debug|Any CPU
		{F83C5DCA-1829-47E3-B78C-D6D297FAC96E}.Release|Any CPU.ActiveCfg = Release|Any CPU
		{F83C5DCA-1829-47E3-B78C-D6D297FAC96E}.Release|Any CPU.Build.0 = Release|Any CPU
		{F83C5DCA-1829-47E3-B78C-D6D297FAC96E}.Release|x64.ActiveCfg = Release|Any CPU
		{F83C5DCA-1829-47E3-B78C-D6D297FAC96E}.Release|x64.Build.0 = Release|Any CPU
		{F83C5DCA-1829-47E3-B78C-D6D297FAC96E}.WpfPublish|Any CPU.ActiveCfg = Release|Any CPU
		{F83C5DCA-1829-47E3-B78C-D6D297FAC96E}.WpfPublish|x64.ActiveCfg = Release|Any CPU
		{EA4CE800-3284-4DDA-8AB0-D23AEE9BA6C3}.ApiHostPublish|Any CPU.ActiveCfg = Release|Any CPU
		{EA4CE800-3284-4DDA-8AB0-D23AEE9BA6C3}.ApiHostPublish|x64.ActiveCfg = Release|Any CPU
		{EA4CE800-3284-4DDA-8AB0-D23AEE9BA6C3}.BsPortalPublish|Any CPU.ActiveCfg = Release|Any CPU
		{EA4CE800-3284-4DDA-8AB0-D23AEE9BA6C3}.BsPortalPublish|x64.ActiveCfg = Release|Any CPU
		{EA4CE800-3284-4DDA-8AB0-D23AEE9BA6C3}.Debug|Any CPU.ActiveCfg = Debug|Any CPU
		{EA4CE800-3284-4DDA-8AB0-D23AEE9BA6C3}.Debug|Any CPU.Build.0 = Debug|Any CPU
		{EA4CE800-3284-4DDA-8AB0-D23AEE9BA6C3}.Debug|x64.ActiveCfg = Debug|Any CPU
		{EA4CE800-3284-4DDA-8AB0-D23AEE9BA6C3}.Debug|x64.Build.0 = Debug|Any CPU
		{EA4CE800-3284-4DDA-8AB0-D23AEE9BA6C3}.Release|Any CPU.ActiveCfg = Release|Any CPU
		{EA4CE800-3284-4DDA-8AB0-D23AEE9BA6C3}.Release|Any CPU.Build.0 = Release|Any CPU
		{EA4CE800-3284-4DDA-8AB0-D23AEE9BA6C3}.Release|x64.ActiveCfg = Release|Any CPU
		{EA4CE800-3284-4DDA-8AB0-D23AEE9BA6C3}.Release|x64.Build.0 = Release|Any CPU
		{EA4CE800-3284-4DDA-8AB0-D23AEE9BA6C3}.WpfPublish|Any CPU.ActiveCfg = Release|Any CPU
		{EA4CE800-3284-4DDA-8AB0-D23AEE9BA6C3}.WpfPublish|x64.ActiveCfg = Release|Any CPU
		{6B46EBB1-3C1B-4D7E-B750-328B6925351F}.ApiHostPublish|Any CPU.ActiveCfg = Debug|Any CPU
		{6B46EBB1-3C1B-4D7E-B750-328B6925351F}.ApiHostPublish|Any CPU.Build.0 = Debug|Any CPU
		{6B46EBB1-3C1B-4D7E-B750-328B6925351F}.ApiHostPublish|x64.ActiveCfg = Debug|Any CPU
		{6B46EBB1-3C1B-4D7E-B750-328B6925351F}.ApiHostPublish|x64.Build.0 = Debug|Any CPU
		{6B46EBB1-3C1B-4D7E-B750-328B6925351F}.BsPortalPublish|Any CPU.ActiveCfg = Debug|Any CPU
		{6B46EBB1-3C1B-4D7E-B750-328B6925351F}.BsPortalPublish|Any CPU.Build.0 = Debug|Any CPU
		{6B46EBB1-3C1B-4D7E-B750-328B6925351F}.BsPortalPublish|x64.ActiveCfg = Debug|Any CPU
		{6B46EBB1-3C1B-4D7E-B750-328B6925351F}.BsPortalPublish|x64.Build.0 = Debug|Any CPU
		{6B46EBB1-3C1B-4D7E-B750-328B6925351F}.Debug|Any CPU.ActiveCfg = Debug|Any CPU
		{6B46EBB1-3C1B-4D7E-B750-328B6925351F}.Debug|Any CPU.Build.0 = Debug|Any CPU
		{6B46EBB1-3C1B-4D7E-B750-328B6925351F}.Debug|x64.ActiveCfg = Debug|Any CPU
		{6B46EBB1-3C1B-4D7E-B750-328B6925351F}.Debug|x64.Build.0 = Debug|Any CPU
		{6B46EBB1-3C1B-4D7E-B750-328B6925351F}.Release|Any CPU.ActiveCfg = Release|Any CPU
		{6B46EBB1-3C1B-4D7E-B750-328B6925351F}.Release|Any CPU.Build.0 = Release|Any CPU
		{6B46EBB1-3C1B-4D7E-B750-328B6925351F}.Release|x64.ActiveCfg = Release|Any CPU
		{6B46EBB1-3C1B-4D7E-B750-328B6925351F}.Release|x64.Build.0 = Release|Any CPU
		{6B46EBB1-3C1B-4D7E-B750-328B6925351F}.WpfPublish|Any CPU.ActiveCfg = Debug|Any CPU
		{6B46EBB1-3C1B-4D7E-B750-328B6925351F}.WpfPublish|Any CPU.Build.0 = Debug|Any CPU
		{6B46EBB1-3C1B-4D7E-B750-328B6925351F}.WpfPublish|x64.ActiveCfg = Debug|Any CPU
		{6B46EBB1-3C1B-4D7E-B750-328B6925351F}.WpfPublish|x64.Build.0 = Debug|Any CPU
		{D1A2A7A2-C546-47AE-8F10-74585B7086EF}.ApiHostPublish|Any CPU.ActiveCfg = Debug|Any CPU
		{D1A2A7A2-C546-47AE-8F10-74585B7086EF}.ApiHostPublish|Any CPU.Build.0 = Debug|Any CPU
		{D1A2A7A2-C546-47AE-8F10-74585B7086EF}.ApiHostPublish|x64.ActiveCfg = Debug|Any CPU
		{D1A2A7A2-C546-47AE-8F10-74585B7086EF}.ApiHostPublish|x64.Build.0 = Debug|Any CPU
		{D1A2A7A2-C546-47AE-8F10-74585B7086EF}.BsPortalPublish|Any CPU.ActiveCfg = Debug|Any CPU
		{D1A2A7A2-C546-47AE-8F10-74585B7086EF}.BsPortalPublish|Any CPU.Build.0 = Debug|Any CPU
		{D1A2A7A2-C546-47AE-8F10-74585B7086EF}.BsPortalPublish|x64.ActiveCfg = Debug|Any CPU
		{D1A2A7A2-C546-47AE-8F10-74585B7086EF}.BsPortalPublish|x64.Build.0 = Debug|Any CPU
		{D1A2A7A2-C546-47AE-8F10-74585B7086EF}.Debug|Any CPU.ActiveCfg = Debug|Any CPU
		{D1A2A7A2-C546-47AE-8F10-74585B7086EF}.Debug|Any CPU.Build.0 = Debug|Any CPU
		{D1A2A7A2-C546-47AE-8F10-74585B7086EF}.Debug|x64.ActiveCfg = Debug|Any CPU
		{D1A2A7A2-C546-47AE-8F10-74585B7086EF}.Debug|x64.Build.0 = Debug|Any CPU
		{D1A2A7A2-C546-47AE-8F10-74585B7086EF}.Release|Any CPU.ActiveCfg = Release|Any CPU
		{D1A2A7A2-C546-47AE-8F10-74585B7086EF}.Release|Any CPU.Build.0 = Release|Any CPU
		{D1A2A7A2-C546-47AE-8F10-74585B7086EF}.Release|x64.ActiveCfg = Release|Any CPU
		{D1A2A7A2-C546-47AE-8F10-74585B7086EF}.Release|x64.Build.0 = Release|Any CPU
		{D1A2A7A2-C546-47AE-8F10-74585B7086EF}.WpfPublish|Any CPU.ActiveCfg = Debug|Any CPU
		{D1A2A7A2-C546-47AE-8F10-74585B7086EF}.WpfPublish|Any CPU.Build.0 = Debug|Any CPU
		{D1A2A7A2-C546-47AE-8F10-74585B7086EF}.WpfPublish|x64.ActiveCfg = Debug|Any CPU
		{D1A2A7A2-C546-47AE-8F10-74585B7086EF}.WpfPublish|x64.Build.0 = Debug|Any CPU
		{42BB6EFA-5918-46B5-8D28-66792C3D31C2}.ApiHostPublish|Any CPU.ActiveCfg = Debug|Any CPU
		{42BB6EFA-5918-46B5-8D28-66792C3D31C2}.ApiHostPublish|Any CPU.Build.0 = Debug|Any CPU
		{42BB6EFA-5918-46B5-8D28-66792C3D31C2}.ApiHostPublish|x64.ActiveCfg = Debug|Any CPU
		{42BB6EFA-5918-46B5-8D28-66792C3D31C2}.ApiHostPublish|x64.Build.0 = Debug|Any CPU
		{42BB6EFA-5918-46B5-8D28-66792C3D31C2}.BsPortalPublish|Any CPU.ActiveCfg = Debug|Any CPU
		{42BB6EFA-5918-46B5-8D28-66792C3D31C2}.BsPortalPublish|Any CPU.Build.0 = Debug|Any CPU
		{42BB6EFA-5918-46B5-8D28-66792C3D31C2}.BsPortalPublish|x64.ActiveCfg = Debug|Any CPU
		{42BB6EFA-5918-46B5-8D28-66792C3D31C2}.BsPortalPublish|x64.Build.0 = Debug|Any CPU
		{42BB6EFA-5918-46B5-8D28-66792C3D31C2}.Debug|Any CPU.ActiveCfg = Debug|Any CPU
		{42BB6EFA-5918-46B5-8D28-66792C3D31C2}.Debug|Any CPU.Build.0 = Debug|Any CPU
		{42BB6EFA-5918-46B5-8D28-66792C3D31C2}.Debug|x64.ActiveCfg = Debug|Any CPU
		{42BB6EFA-5918-46B5-8D28-66792C3D31C2}.Debug|x64.Build.0 = Debug|Any CPU
		{42BB6EFA-5918-46B5-8D28-66792C3D31C2}.Release|Any CPU.ActiveCfg = Release|Any CPU
		{42BB6EFA-5918-46B5-8D28-66792C3D31C2}.Release|Any CPU.Build.0 = Release|Any CPU
		{42BB6EFA-5918-46B5-8D28-66792C3D31C2}.Release|x64.ActiveCfg = Release|Any CPU
		{42BB6EFA-5918-46B5-8D28-66792C3D31C2}.Release|x64.Build.0 = Release|Any CPU
		{42BB6EFA-5918-46B5-8D28-66792C3D31C2}.WpfPublish|Any CPU.ActiveCfg = Debug|Any CPU
		{42BB6EFA-5918-46B5-8D28-66792C3D31C2}.WpfPublish|Any CPU.Build.0 = Debug|Any CPU
		{42BB6EFA-5918-46B5-8D28-66792C3D31C2}.WpfPublish|x64.ActiveCfg = Debug|Any CPU
		{42BB6EFA-5918-46B5-8D28-66792C3D31C2}.WpfPublish|x64.Build.0 = Debug|Any CPU
		{F529E476-F85A-47BF-B6A3-D0F820DA1781}.ApiHostPublish|Any CPU.ActiveCfg = Debug|Any CPU
		{F529E476-F85A-47BF-B6A3-D0F820DA1781}.ApiHostPublish|Any CPU.Build.0 = Debug|Any CPU
		{F529E476-F85A-47BF-B6A3-D0F820DA1781}.ApiHostPublish|x64.ActiveCfg = Debug|Any CPU
		{F529E476-F85A-47BF-B6A3-D0F820DA1781}.ApiHostPublish|x64.Build.0 = Debug|Any CPU
		{F529E476-F85A-47BF-B6A3-D0F820DA1781}.BsPortalPublish|Any CPU.ActiveCfg = Debug|Any CPU
		{F529E476-F85A-47BF-B6A3-D0F820DA1781}.BsPortalPublish|Any CPU.Build.0 = Debug|Any CPU
		{F529E476-F85A-47BF-B6A3-D0F820DA1781}.BsPortalPublish|x64.ActiveCfg = Debug|Any CPU
		{F529E476-F85A-47BF-B6A3-D0F820DA1781}.BsPortalPublish|x64.Build.0 = Debug|Any CPU
		{F529E476-F85A-47BF-B6A3-D0F820DA1781}.Debug|Any CPU.ActiveCfg = Debug|Any CPU
		{F529E476-F85A-47BF-B6A3-D0F820DA1781}.Debug|Any CPU.Build.0 = Debug|Any CPU
		{F529E476-F85A-47BF-B6A3-D0F820DA1781}.Debug|x64.ActiveCfg = Debug|Any CPU
		{F529E476-F85A-47BF-B6A3-D0F820DA1781}.Debug|x64.Build.0 = Debug|Any CPU
		{F529E476-F85A-47BF-B6A3-D0F820DA1781}.Release|Any CPU.ActiveCfg = Release|Any CPU
		{F529E476-F85A-47BF-B6A3-D0F820DA1781}.Release|Any CPU.Build.0 = Release|Any CPU
		{F529E476-F85A-47BF-B6A3-D0F820DA1781}.Release|x64.ActiveCfg = Release|Any CPU
		{F529E476-F85A-47BF-B6A3-D0F820DA1781}.Release|x64.Build.0 = Release|Any CPU
		{F529E476-F85A-47BF-B6A3-D0F820DA1781}.WpfPublish|Any CPU.ActiveCfg = Debug|Any CPU
		{F529E476-F85A-47BF-B6A3-D0F820DA1781}.WpfPublish|Any CPU.Build.0 = Debug|Any CPU
		{F529E476-F85A-47BF-B6A3-D0F820DA1781}.WpfPublish|x64.ActiveCfg = Debug|Any CPU
		{F529E476-F85A-47BF-B6A3-D0F820DA1781}.WpfPublish|x64.Build.0 = Debug|Any CPU
		{48F35136-C9C4-413D-A8F6-9BB09EC374C2}.ApiHostPublish|Any CPU.ActiveCfg = Debug|Any CPU
		{48F35136-C9C4-413D-A8F6-9BB09EC374C2}.ApiHostPublish|Any CPU.Build.0 = Debug|Any CPU
		{48F35136-C9C4-413D-A8F6-9BB09EC374C2}.ApiHostPublish|x64.ActiveCfg = Debug|Any CPU
		{48F35136-C9C4-413D-A8F6-9BB09EC374C2}.ApiHostPublish|x64.Build.0 = Debug|Any CPU
		{48F35136-C9C4-413D-A8F6-9BB09EC374C2}.BsPortalPublish|Any CPU.ActiveCfg = Debug|Any CPU
		{48F35136-C9C4-413D-A8F6-9BB09EC374C2}.BsPortalPublish|Any CPU.Build.0 = Debug|Any CPU
		{48F35136-C9C4-413D-A8F6-9BB09EC374C2}.BsPortalPublish|x64.ActiveCfg = Debug|Any CPU
		{48F35136-C9C4-413D-A8F6-9BB09EC374C2}.BsPortalPublish|x64.Build.0 = Debug|Any CPU
		{48F35136-C9C4-413D-A8F6-9BB09EC374C2}.Debug|Any CPU.ActiveCfg = Debug|Any CPU
		{48F35136-C9C4-413D-A8F6-9BB09EC374C2}.Debug|Any CPU.Build.0 = Debug|Any CPU
		{48F35136-C9C4-413D-A8F6-9BB09EC374C2}.Debug|x64.ActiveCfg = Debug|Any CPU
		{48F35136-C9C4-413D-A8F6-9BB09EC374C2}.Debug|x64.Build.0 = Debug|Any CPU
		{48F35136-C9C4-413D-A8F6-9BB09EC374C2}.Release|Any CPU.ActiveCfg = Release|Any CPU
		{48F35136-C9C4-413D-A8F6-9BB09EC374C2}.Release|Any CPU.Build.0 = Release|Any CPU
		{48F35136-C9C4-413D-A8F6-9BB09EC374C2}.Release|x64.ActiveCfg = Release|Any CPU
		{48F35136-C9C4-413D-A8F6-9BB09EC374C2}.Release|x64.Build.0 = Release|Any CPU
		{48F35136-C9C4-413D-A8F6-9BB09EC374C2}.WpfPublish|Any CPU.ActiveCfg = Debug|Any CPU
		{48F35136-C9C4-413D-A8F6-9BB09EC374C2}.WpfPublish|Any CPU.Build.0 = Debug|Any CPU
		{48F35136-C9C4-413D-A8F6-9BB09EC374C2}.WpfPublish|x64.ActiveCfg = Debug|Any CPU
		{48F35136-C9C4-413D-A8F6-9BB09EC374C2}.WpfPublish|x64.Build.0 = Debug|Any CPU
		{D2E864F8-FD7B-4D48-9768-2C700EF4ABE5}.ApiHostPublish|Any CPU.ActiveCfg = Debug|Any CPU
		{D2E864F8-FD7B-4D48-9768-2C700EF4ABE5}.ApiHostPublish|Any CPU.Build.0 = Debug|Any CPU
		{D2E864F8-FD7B-4D48-9768-2C700EF4ABE5}.ApiHostPublish|x64.ActiveCfg = Debug|Any CPU
		{D2E864F8-FD7B-4D48-9768-2C700EF4ABE5}.ApiHostPublish|x64.Build.0 = Debug|Any CPU
		{D2E864F8-FD7B-4D48-9768-2C700EF4ABE5}.BsPortalPublish|Any CPU.ActiveCfg = Debug|Any CPU
		{D2E864F8-FD7B-4D48-9768-2C700EF4ABE5}.BsPortalPublish|Any CPU.Build.0 = Debug|Any CPU
		{D2E864F8-FD7B-4D48-9768-2C700EF4ABE5}.BsPortalPublish|x64.ActiveCfg = Debug|Any CPU
		{D2E864F8-FD7B-4D48-9768-2C700EF4ABE5}.BsPortalPublish|x64.Build.0 = Debug|Any CPU
		{D2E864F8-FD7B-4D48-9768-2C700EF4ABE5}.Debug|Any CPU.ActiveCfg = Debug|Any CPU
		{D2E864F8-FD7B-4D48-9768-2C700EF4ABE5}.Debug|Any CPU.Build.0 = Debug|Any CPU
		{D2E864F8-FD7B-4D48-9768-2C700EF4ABE5}.Debug|x64.ActiveCfg = Debug|Any CPU
		{D2E864F8-FD7B-4D48-9768-2C700EF4ABE5}.Debug|x64.Build.0 = Debug|Any CPU
		{D2E864F8-FD7B-4D48-9768-2C700EF4ABE5}.Release|Any CPU.ActiveCfg = Release|Any CPU
		{D2E864F8-FD7B-4D48-9768-2C700EF4ABE5}.Release|Any CPU.Build.0 = Release|Any CPU
		{D2E864F8-FD7B-4D48-9768-2C700EF4ABE5}.Release|x64.ActiveCfg = Release|Any CPU
		{D2E864F8-FD7B-4D48-9768-2C700EF4ABE5}.Release|x64.Build.0 = Release|Any CPU
		{D2E864F8-FD7B-4D48-9768-2C700EF4ABE5}.WpfPublish|Any CPU.ActiveCfg = Debug|Any CPU
		{D2E864F8-FD7B-4D48-9768-2C700EF4ABE5}.WpfPublish|Any CPU.Build.0 = Debug|Any CPU
		{D2E864F8-FD7B-4D48-9768-2C700EF4ABE5}.WpfPublish|x64.ActiveCfg = Debug|Any CPU
		{D2E864F8-FD7B-4D48-9768-2C700EF4ABE5}.WpfPublish|x64.Build.0 = Debug|Any CPU
		{E842A7BE-0CE6-4966-A097-A8B354F2B1CE}.ApiHostPublish|Any CPU.ActiveCfg = Debug|Any CPU
		{E842A7BE-0CE6-4966-A097-A8B354F2B1CE}.ApiHostPublish|Any CPU.Build.0 = Debug|Any CPU
		{E842A7BE-0CE6-4966-A097-A8B354F2B1CE}.ApiHostPublish|x64.ActiveCfg = Debug|Any CPU
		{E842A7BE-0CE6-4966-A097-A8B354F2B1CE}.ApiHostPublish|x64.Build.0 = Debug|Any CPU
		{E842A7BE-0CE6-4966-A097-A8B354F2B1CE}.BsPortalPublish|Any CPU.ActiveCfg = Debug|Any CPU
		{E842A7BE-0CE6-4966-A097-A8B354F2B1CE}.BsPortalPublish|Any CPU.Build.0 = Debug|Any CPU
		{E842A7BE-0CE6-4966-A097-A8B354F2B1CE}.BsPortalPublish|x64.ActiveCfg = Debug|Any CPU
		{E842A7BE-0CE6-4966-A097-A8B354F2B1CE}.BsPortalPublish|x64.Build.0 = Debug|Any CPU
		{E842A7BE-0CE6-4966-A097-A8B354F2B1CE}.Debug|Any CPU.ActiveCfg = Debug|Any CPU
		{E842A7BE-0CE6-4966-A097-A8B354F2B1CE}.Debug|Any CPU.Build.0 = Debug|Any CPU
		{E842A7BE-0CE6-4966-A097-A8B354F2B1CE}.Debug|x64.ActiveCfg = Debug|Any CPU
		{E842A7BE-0CE6-4966-A097-A8B354F2B1CE}.Debug|x64.Build.0 = Debug|Any CPU
		{E842A7BE-0CE6-4966-A097-A8B354F2B1CE}.Release|Any CPU.ActiveCfg = Release|Any CPU
		{E842A7BE-0CE6-4966-A097-A8B354F2B1CE}.Release|Any CPU.Build.0 = Release|Any CPU
		{E842A7BE-0CE6-4966-A097-A8B354F2B1CE}.Release|x64.ActiveCfg = Release|Any CPU
		{E842A7BE-0CE6-4966-A097-A8B354F2B1CE}.Release|x64.Build.0 = Release|Any CPU
		{E842A7BE-0CE6-4966-A097-A8B354F2B1CE}.WpfPublish|Any CPU.ActiveCfg = Debug|Any CPU
		{E842A7BE-0CE6-4966-A097-A8B354F2B1CE}.WpfPublish|Any CPU.Build.0 = Debug|Any CPU
		{E842A7BE-0CE6-4966-A097-A8B354F2B1CE}.WpfPublish|x64.ActiveCfg = Debug|Any CPU
		{E842A7BE-0CE6-4966-A097-A8B354F2B1CE}.WpfPublish|x64.Build.0 = Debug|Any CPU
		{523C7ACE-4CDD-470B-8241-E938303B2D2C}.ApiHostPublish|Any CPU.ActiveCfg = Debug|Any CPU
		{523C7ACE-4CDD-470B-8241-E938303B2D2C}.ApiHostPublish|Any CPU.Build.0 = Debug|Any CPU
		{523C7ACE-4CDD-470B-8241-E938303B2D2C}.ApiHostPublish|x64.ActiveCfg = Debug|Any CPU
		{523C7ACE-4CDD-470B-8241-E938303B2D2C}.ApiHostPublish|x64.Build.0 = Debug|Any CPU
		{523C7ACE-4CDD-470B-8241-E938303B2D2C}.BsPortalPublish|Any CPU.ActiveCfg = Debug|Any CPU
		{523C7ACE-4CDD-470B-8241-E938303B2D2C}.BsPortalPublish|Any CPU.Build.0 = Debug|Any CPU
		{523C7ACE-4CDD-470B-8241-E938303B2D2C}.BsPortalPublish|x64.ActiveCfg = Debug|Any CPU
		{523C7ACE-4CDD-470B-8241-E938303B2D2C}.BsPortalPublish|x64.Build.0 = Debug|Any CPU
		{523C7ACE-4CDD-470B-8241-E938303B2D2C}.Debug|Any CPU.ActiveCfg = Debug|Any CPU
		{523C7ACE-4CDD-470B-8241-E938303B2D2C}.Debug|Any CPU.Build.0 = Debug|Any CPU
		{523C7ACE-4CDD-470B-8241-E938303B2D2C}.Debug|x64.ActiveCfg = Debug|Any CPU
		{523C7ACE-4CDD-470B-8241-E938303B2D2C}.Debug|x64.Build.0 = Debug|Any CPU
		{523C7ACE-4CDD-470B-8241-E938303B2D2C}.Release|Any CPU.ActiveCfg = Release|Any CPU
		{523C7ACE-4CDD-470B-8241-E938303B2D2C}.Release|Any CPU.Build.0 = Release|Any CPU
		{523C7ACE-4CDD-470B-8241-E938303B2D2C}.Release|x64.ActiveCfg = Release|Any CPU
		{523C7ACE-4CDD-470B-8241-E938303B2D2C}.Release|x64.Build.0 = Release|Any CPU
		{523C7ACE-4CDD-470B-8241-E938303B2D2C}.WpfPublish|Any CPU.ActiveCfg = Debug|Any CPU
		{523C7ACE-4CDD-470B-8241-E938303B2D2C}.WpfPublish|Any CPU.Build.0 = Debug|Any CPU
		{523C7ACE-4CDD-470B-8241-E938303B2D2C}.WpfPublish|x64.ActiveCfg = Debug|Any CPU
		{523C7ACE-4CDD-470B-8241-E938303B2D2C}.WpfPublish|x64.Build.0 = Debug|Any CPU
		{C890C500-5459-4644-AD00-00E6D1A303DE}.ApiHostPublish|Any CPU.ActiveCfg = Debug|Any CPU
		{C890C500-5459-4644-AD00-00E6D1A303DE}.ApiHostPublish|Any CPU.Build.0 = Debug|Any CPU
		{C890C500-5459-4644-AD00-00E6D1A303DE}.ApiHostPublish|x64.ActiveCfg = Debug|Any CPU
		{C890C500-5459-4644-AD00-00E6D1A303DE}.ApiHostPublish|x64.Build.0 = Debug|Any CPU
		{C890C500-5459-4644-AD00-00E6D1A303DE}.BsPortalPublish|Any CPU.ActiveCfg = Debug|Any CPU
		{C890C500-5459-4644-AD00-00E6D1A303DE}.BsPortalPublish|Any CPU.Build.0 = Debug|Any CPU
		{C890C500-5459-4644-AD00-00E6D1A303DE}.BsPortalPublish|x64.ActiveCfg = Debug|Any CPU
		{C890C500-5459-4644-AD00-00E6D1A303DE}.BsPortalPublish|x64.Build.0 = Debug|Any CPU
		{C890C500-5459-4644-AD00-00E6D1A303DE}.Debug|Any CPU.ActiveCfg = Debug|Any CPU
		{C890C500-5459-4644-AD00-00E6D1A303DE}.Debug|Any CPU.Build.0 = Debug|Any CPU
		{C890C500-5459-4644-AD00-00E6D1A303DE}.Debug|x64.ActiveCfg = Debug|Any CPU
		{C890C500-5459-4644-AD00-00E6D1A303DE}.Debug|x64.Build.0 = Debug|Any CPU
		{C890C500-5459-4644-AD00-00E6D1A303DE}.Release|Any CPU.ActiveCfg = Release|Any CPU
		{C890C500-5459-4644-AD00-00E6D1A303DE}.Release|Any CPU.Build.0 = Release|Any CPU
		{C890C500-5459-4644-AD00-00E6D1A303DE}.Release|x64.ActiveCfg = Release|Any CPU
		{C890C500-5459-4644-AD00-00E6D1A303DE}.Release|x64.Build.0 = Release|Any CPU
		{C890C500-5459-4644-AD00-00E6D1A303DE}.WpfPublish|Any CPU.ActiveCfg = Debug|Any CPU
		{C890C500-5459-4644-AD00-00E6D1A303DE}.WpfPublish|Any CPU.Build.0 = Debug|Any CPU
		{C890C500-5459-4644-AD00-00E6D1A303DE}.WpfPublish|x64.ActiveCfg = Debug|Any CPU
		{C890C500-5459-4644-AD00-00E6D1A303DE}.WpfPublish|x64.Build.0 = Debug|Any CPU
		{5C63986B-6C51-4EB0-82D8-7E438071B0CC}.ApiHostPublish|Any CPU.ActiveCfg = Debug|Any CPU
		{5C63986B-6C51-4EB0-82D8-7E438071B0CC}.ApiHostPublish|Any CPU.Build.0 = Debug|Any CPU
		{5C63986B-6C51-4EB0-82D8-7E438071B0CC}.ApiHostPublish|x64.ActiveCfg = Debug|Any CPU
		{5C63986B-6C51-4EB0-82D8-7E438071B0CC}.ApiHostPublish|x64.Build.0 = Debug|Any CPU
		{5C63986B-6C51-4EB0-82D8-7E438071B0CC}.BsPortalPublish|Any CPU.ActiveCfg = Debug|Any CPU
		{5C63986B-6C51-4EB0-82D8-7E438071B0CC}.BsPortalPublish|Any CPU.Build.0 = Debug|Any CPU
		{5C63986B-6C51-4EB0-82D8-7E438071B0CC}.BsPortalPublish|x64.ActiveCfg = Debug|Any CPU
		{5C63986B-6C51-4EB0-82D8-7E438071B0CC}.BsPortalPublish|x64.Build.0 = Debug|Any CPU
		{5C63986B-6C51-4EB0-82D8-7E438071B0CC}.Debug|Any CPU.ActiveCfg = Debug|Any CPU
		{5C63986B-6C51-4EB0-82D8-7E438071B0CC}.Debug|Any CPU.Build.0 = Debug|Any CPU
		{5C63986B-6C51-4EB0-82D8-7E438071B0CC}.Debug|x64.ActiveCfg = Debug|Any CPU
		{5C63986B-6C51-4EB0-82D8-7E438071B0CC}.Debug|x64.Build.0 = Debug|Any CPU
		{5C63986B-6C51-4EB0-82D8-7E438071B0CC}.Release|Any CPU.ActiveCfg = Release|Any CPU
		{5C63986B-6C51-4EB0-82D8-7E438071B0CC}.Release|Any CPU.Build.0 = Release|Any CPU
		{5C63986B-6C51-4EB0-82D8-7E438071B0CC}.Release|x64.ActiveCfg = Release|Any CPU
		{5C63986B-6C51-4EB0-82D8-7E438071B0CC}.Release|x64.Build.0 = Release|Any CPU
		{5C63986B-6C51-4EB0-82D8-7E438071B0CC}.WpfPublish|Any CPU.ActiveCfg = Debug|Any CPU
		{5C63986B-6C51-4EB0-82D8-7E438071B0CC}.WpfPublish|Any CPU.Build.0 = Debug|Any CPU
		{5C63986B-6C51-4EB0-82D8-7E438071B0CC}.WpfPublish|x64.ActiveCfg = Debug|Any CPU
		{5C63986B-6C51-4EB0-82D8-7E438071B0CC}.WpfPublish|x64.Build.0 = Debug|Any CPU
		{DD93B19E-BA52-44C1-89CA-574781339D85}.ApiHostPublish|Any CPU.ActiveCfg = Debug|Any CPU
		{DD93B19E-BA52-44C1-89CA-574781339D85}.ApiHostPublish|Any CPU.Build.0 = Debug|Any CPU
		{DD93B19E-BA52-44C1-89CA-574781339D85}.ApiHostPublish|x64.ActiveCfg = Debug|Any CPU
		{DD93B19E-BA52-44C1-89CA-574781339D85}.ApiHostPublish|x64.Build.0 = Debug|Any CPU
		{DD93B19E-BA52-44C1-89CA-574781339D85}.BsPortalPublish|Any CPU.ActiveCfg = Debug|Any CPU
		{DD93B19E-BA52-44C1-89CA-574781339D85}.BsPortalPublish|Any CPU.Build.0 = Debug|Any CPU
		{DD93B19E-BA52-44C1-89CA-574781339D85}.BsPortalPublish|x64.ActiveCfg = Debug|Any CPU
		{DD93B19E-BA52-44C1-89CA-574781339D85}.BsPortalPublish|x64.Build.0 = Debug|Any CPU
		{DD93B19E-BA52-44C1-89CA-574781339D85}.Debug|Any CPU.ActiveCfg = Debug|Any CPU
		{DD93B19E-BA52-44C1-89CA-574781339D85}.Debug|Any CPU.Build.0 = Debug|Any CPU
		{DD93B19E-BA52-44C1-89CA-574781339D85}.Debug|x64.ActiveCfg = Debug|Any CPU
		{DD93B19E-BA52-44C1-89CA-574781339D85}.Debug|x64.Build.0 = Debug|Any CPU
		{DD93B19E-BA52-44C1-89CA-574781339D85}.Release|Any CPU.ActiveCfg = Release|Any CPU
		{DD93B19E-BA52-44C1-89CA-574781339D85}.Release|Any CPU.Build.0 = Release|Any CPU
		{DD93B19E-BA52-44C1-89CA-574781339D85}.Release|x64.ActiveCfg = Release|Any CPU
		{DD93B19E-BA52-44C1-89CA-574781339D85}.Release|x64.Build.0 = Release|Any CPU
		{DD93B19E-BA52-44C1-89CA-574781339D85}.WpfPublish|Any CPU.ActiveCfg = Debug|Any CPU
		{DD93B19E-BA52-44C1-89CA-574781339D85}.WpfPublish|Any CPU.Build.0 = Debug|Any CPU
		{DD93B19E-BA52-44C1-89CA-574781339D85}.WpfPublish|x64.ActiveCfg = Debug|Any CPU
		{DD93B19E-BA52-44C1-89CA-574781339D85}.WpfPublish|x64.Build.0 = Debug|Any CPU
		{23FA042C-0B65-4E19-86DD-E138B5B07594}.ApiHostPublish|Any CPU.ActiveCfg = Debug|Any CPU
		{23FA042C-0B65-4E19-86DD-E138B5B07594}.ApiHostPublish|Any CPU.Build.0 = Debug|Any CPU
		{23FA042C-0B65-4E19-86DD-E138B5B07594}.ApiHostPublish|x64.ActiveCfg = Debug|Any CPU
		{23FA042C-0B65-4E19-86DD-E138B5B07594}.ApiHostPublish|x64.Build.0 = Debug|Any CPU
		{23FA042C-0B65-4E19-86DD-E138B5B07594}.BsPortalPublish|Any CPU.ActiveCfg = Debug|Any CPU
		{23FA042C-0B65-4E19-86DD-E138B5B07594}.BsPortalPublish|Any CPU.Build.0 = Debug|Any CPU
		{23FA042C-0B65-4E19-86DD-E138B5B07594}.BsPortalPublish|x64.ActiveCfg = Debug|Any CPU
		{23FA042C-0B65-4E19-86DD-E138B5B07594}.BsPortalPublish|x64.Build.0 = Debug|Any CPU
		{23FA042C-0B65-4E19-86DD-E138B5B07594}.Debug|Any CPU.ActiveCfg = Debug|Any CPU
		{23FA042C-0B65-4E19-86DD-E138B5B07594}.Debug|Any CPU.Build.0 = Debug|Any CPU
		{23FA042C-0B65-4E19-86DD-E138B5B07594}.Debug|x64.ActiveCfg = Debug|Any CPU
		{23FA042C-0B65-4E19-86DD-E138B5B07594}.Debug|x64.Build.0 = Debug|Any CPU
		{23FA042C-0B65-4E19-86DD-E138B5B07594}.Release|Any CPU.ActiveCfg = Release|Any CPU
		{23FA042C-0B65-4E19-86DD-E138B5B07594}.Release|Any CPU.Build.0 = Release|Any CPU
		{23FA042C-0B65-4E19-86DD-E138B5B07594}.Release|x64.ActiveCfg = Release|Any CPU
		{23FA042C-0B65-4E19-86DD-E138B5B07594}.Release|x64.Build.0 = Release|Any CPU
		{23FA042C-0B65-4E19-86DD-E138B5B07594}.WpfPublish|Any CPU.ActiveCfg = Debug|Any CPU
		{23FA042C-0B65-4E19-86DD-E138B5B07594}.WpfPublish|Any CPU.Build.0 = Debug|Any CPU
		{23FA042C-0B65-4E19-86DD-E138B5B07594}.WpfPublish|x64.ActiveCfg = Debug|Any CPU
		{23FA042C-0B65-4E19-86DD-E138B5B07594}.WpfPublish|x64.Build.0 = Debug|Any CPU
		{0FE97E48-67BB-4E8B-9E7E-31DBA49C1ABC}.ApiHostPublish|Any CPU.ActiveCfg = Debug|Any CPU
		{0FE97E48-67BB-4E8B-9E7E-31DBA49C1ABC}.ApiHostPublish|Any CPU.Build.0 = Debug|Any CPU
		{0FE97E48-67BB-4E8B-9E7E-31DBA49C1ABC}.ApiHostPublish|x64.ActiveCfg = Debug|Any CPU
		{0FE97E48-67BB-4E8B-9E7E-31DBA49C1ABC}.ApiHostPublish|x64.Build.0 = Debug|Any CPU
		{0FE97E48-67BB-4E8B-9E7E-31DBA49C1ABC}.BsPortalPublish|Any CPU.ActiveCfg = Debug|Any CPU
		{0FE97E48-67BB-4E8B-9E7E-31DBA49C1ABC}.BsPortalPublish|Any CPU.Build.0 = Debug|Any CPU
		{0FE97E48-67BB-4E8B-9E7E-31DBA49C1ABC}.BsPortalPublish|x64.ActiveCfg = Debug|Any CPU
		{0FE97E48-67BB-4E8B-9E7E-31DBA49C1ABC}.BsPortalPublish|x64.Build.0 = Debug|Any CPU
		{0FE97E48-67BB-4E8B-9E7E-31DBA49C1ABC}.Debug|Any CPU.ActiveCfg = Debug|Any CPU
		{0FE97E48-67BB-4E8B-9E7E-31DBA49C1ABC}.Debug|Any CPU.Build.0 = Debug|Any CPU
		{0FE97E48-67BB-4E8B-9E7E-31DBA49C1ABC}.Debug|x64.ActiveCfg = Debug|Any CPU
		{0FE97E48-67BB-4E8B-9E7E-31DBA49C1ABC}.Debug|x64.Build.0 = Debug|Any CPU
		{0FE97E48-67BB-4E8B-9E7E-31DBA49C1ABC}.Release|Any CPU.ActiveCfg = Release|Any CPU
		{0FE97E48-67BB-4E8B-9E7E-31DBA49C1ABC}.Release|Any CPU.Build.0 = Release|Any CPU
		{0FE97E48-67BB-4E8B-9E7E-31DBA49C1ABC}.Release|x64.ActiveCfg = Release|Any CPU
		{0FE97E48-67BB-4E8B-9E7E-31DBA49C1ABC}.Release|x64.Build.0 = Release|Any CPU
		{0FE97E48-67BB-4E8B-9E7E-31DBA49C1ABC}.WpfPublish|Any CPU.ActiveCfg = Debug|Any CPU
		{0FE97E48-67BB-4E8B-9E7E-31DBA49C1ABC}.WpfPublish|Any CPU.Build.0 = Debug|Any CPU
		{0FE97E48-67BB-4E8B-9E7E-31DBA49C1ABC}.WpfPublish|x64.ActiveCfg = Debug|Any CPU
		{0FE97E48-67BB-4E8B-9E7E-31DBA49C1ABC}.WpfPublish|x64.Build.0 = Debug|Any CPU
		{21115994-E2C0-4564-A60B-0CBFF1F28E60}.ApiHostPublish|Any CPU.ActiveCfg = Debug|Any CPU
		{21115994-E2C0-4564-A60B-0CBFF1F28E60}.ApiHostPublish|Any CPU.Build.0 = Debug|Any CPU
		{21115994-E2C0-4564-A60B-0CBFF1F28E60}.ApiHostPublish|x64.ActiveCfg = Debug|Any CPU
		{21115994-E2C0-4564-A60B-0CBFF1F28E60}.ApiHostPublish|x64.Build.0 = Debug|Any CPU
		{21115994-E2C0-4564-A60B-0CBFF1F28E60}.BsPortalPublish|Any CPU.ActiveCfg = Debug|Any CPU
		{21115994-E2C0-4564-A60B-0CBFF1F28E60}.BsPortalPublish|Any CPU.Build.0 = Debug|Any CPU
		{21115994-E2C0-4564-A60B-0CBFF1F28E60}.BsPortalPublish|x64.ActiveCfg = Debug|Any CPU
		{21115994-E2C0-4564-A60B-0CBFF1F28E60}.BsPortalPublish|x64.Build.0 = Debug|Any CPU
		{21115994-E2C0-4564-A60B-0CBFF1F28E60}.Debug|Any CPU.ActiveCfg = Debug|Any CPU
		{21115994-E2C0-4564-A60B-0CBFF1F28E60}.Debug|Any CPU.Build.0 = Debug|Any CPU
		{21115994-E2C0-4564-A60B-0CBFF1F28E60}.Debug|x64.ActiveCfg = Debug|Any CPU
		{21115994-E2C0-4564-A60B-0CBFF1F28E60}.Debug|x64.Build.0 = Debug|Any CPU
		{21115994-E2C0-4564-A60B-0CBFF1F28E60}.Release|Any CPU.ActiveCfg = Release|Any CPU
		{21115994-E2C0-4564-A60B-0CBFF1F28E60}.Release|Any CPU.Build.0 = Release|Any CPU
		{21115994-E2C0-4564-A60B-0CBFF1F28E60}.Release|x64.ActiveCfg = Release|Any CPU
		{21115994-E2C0-4564-A60B-0CBFF1F28E60}.Release|x64.Build.0 = Release|Any CPU
		{21115994-E2C0-4564-A60B-0CBFF1F28E60}.WpfPublish|Any CPU.ActiveCfg = Debug|Any CPU
		{21115994-E2C0-4564-A60B-0CBFF1F28E60}.WpfPublish|Any CPU.Build.0 = Debug|Any CPU
		{21115994-E2C0-4564-A60B-0CBFF1F28E60}.WpfPublish|x64.ActiveCfg = Debug|Any CPU
		{21115994-E2C0-4564-A60B-0CBFF1F28E60}.WpfPublish|x64.Build.0 = Debug|Any CPU
		{4040E97D-4558-4663-9D17-61C4BC08E2DB}.ApiHostPublish|Any CPU.ActiveCfg = Debug|Any CPU
		{4040E97D-4558-4663-9D17-61C4BC08E2DB}.ApiHostPublish|Any CPU.Build.0 = Debug|Any CPU
		{4040E97D-4558-4663-9D17-61C4BC08E2DB}.ApiHostPublish|x64.ActiveCfg = Debug|Any CPU
		{4040E97D-4558-4663-9D17-61C4BC08E2DB}.ApiHostPublish|x64.Build.0 = Debug|Any CPU
		{4040E97D-4558-4663-9D17-61C4BC08E2DB}.BsPortalPublish|Any CPU.ActiveCfg = Debug|Any CPU
		{4040E97D-4558-4663-9D17-61C4BC08E2DB}.BsPortalPublish|Any CPU.Build.0 = Debug|Any CPU
		{4040E97D-4558-4663-9D17-61C4BC08E2DB}.BsPortalPublish|x64.ActiveCfg = Debug|Any CPU
		{4040E97D-4558-4663-9D17-61C4BC08E2DB}.BsPortalPublish|x64.Build.0 = Debug|Any CPU
		{4040E97D-4558-4663-9D17-61C4BC08E2DB}.Debug|Any CPU.ActiveCfg = Debug|Any CPU
		{4040E97D-4558-4663-9D17-61C4BC08E2DB}.Debug|Any CPU.Build.0 = Debug|Any CPU
		{4040E97D-4558-4663-9D17-61C4BC08E2DB}.Debug|x64.ActiveCfg = Debug|Any CPU
		{4040E97D-4558-4663-9D17-61C4BC08E2DB}.Debug|x64.Build.0 = Debug|Any CPU
		{4040E97D-4558-4663-9D17-61C4BC08E2DB}.Release|Any CPU.ActiveCfg = Release|Any CPU
		{4040E97D-4558-4663-9D17-61C4BC08E2DB}.Release|Any CPU.Build.0 = Release|Any CPU
		{4040E97D-4558-4663-9D17-61C4BC08E2DB}.Release|x64.ActiveCfg = Release|Any CPU
		{4040E97D-4558-4663-9D17-61C4BC08E2DB}.Release|x64.Build.0 = Release|Any CPU
		{4040E97D-4558-4663-9D17-61C4BC08E2DB}.WpfPublish|Any CPU.ActiveCfg = Debug|Any CPU
		{4040E97D-4558-4663-9D17-61C4BC08E2DB}.WpfPublish|Any CPU.Build.0 = Debug|Any CPU
		{4040E97D-4558-4663-9D17-61C4BC08E2DB}.WpfPublish|x64.ActiveCfg = Debug|Any CPU
		{4040E97D-4558-4663-9D17-61C4BC08E2DB}.WpfPublish|x64.Build.0 = Debug|Any CPU
		{76654C46-A646-4267-84E0-B42DAFAA304C}.ApiHostPublish|Any CPU.ActiveCfg = Debug|Any CPU
		{76654C46-A646-4267-84E0-B42DAFAA304C}.ApiHostPublish|Any CPU.Build.0 = Debug|Any CPU
		{76654C46-A646-4267-84E0-B42DAFAA304C}.ApiHostPublish|x64.ActiveCfg = Debug|Any CPU
		{76654C46-A646-4267-84E0-B42DAFAA304C}.ApiHostPublish|x64.Build.0 = Debug|Any CPU
		{76654C46-A646-4267-84E0-B42DAFAA304C}.BsPortalPublish|Any CPU.ActiveCfg = Debug|Any CPU
		{76654C46-A646-4267-84E0-B42DAFAA304C}.BsPortalPublish|Any CPU.Build.0 = Debug|Any CPU
		{76654C46-A646-4267-84E0-B42DAFAA304C}.BsPortalPublish|x64.ActiveCfg = Debug|Any CPU
		{76654C46-A646-4267-84E0-B42DAFAA304C}.BsPortalPublish|x64.Build.0 = Debug|Any CPU
		{76654C46-A646-4267-84E0-B42DAFAA304C}.Debug|Any CPU.ActiveCfg = Debug|Any CPU
		{76654C46-A646-4267-84E0-B42DAFAA304C}.Debug|Any CPU.Build.0 = Debug|Any CPU
		{76654C46-A646-4267-84E0-B42DAFAA304C}.Debug|x64.ActiveCfg = Debug|Any CPU
		{76654C46-A646-4267-84E0-B42DAFAA304C}.Debug|x64.Build.0 = Debug|Any CPU
		{76654C46-A646-4267-84E0-B42DAFAA304C}.Release|Any CPU.ActiveCfg = Release|Any CPU
		{76654C46-A646-4267-84E0-B42DAFAA304C}.Release|Any CPU.Build.0 = Release|Any CPU
		{76654C46-A646-4267-84E0-B42DAFAA304C}.Release|x64.ActiveCfg = Release|Any CPU
		{76654C46-A646-4267-84E0-B42DAFAA304C}.Release|x64.Build.0 = Release|Any CPU
		{76654C46-A646-4267-84E0-B42DAFAA304C}.WpfPublish|Any CPU.ActiveCfg = Debug|Any CPU
		{76654C46-A646-4267-84E0-B42DAFAA304C}.WpfPublish|Any CPU.Build.0 = Debug|Any CPU
		{76654C46-A646-4267-84E0-B42DAFAA304C}.WpfPublish|x64.ActiveCfg = Debug|Any CPU
		{76654C46-A646-4267-84E0-B42DAFAA304C}.WpfPublish|x64.Build.0 = Debug|Any CPU
		{AD02C54B-1AD9-4318-AEA5-B4F2700D32B6}.ApiHostPublish|Any CPU.ActiveCfg = Debug|Any CPU
		{AD02C54B-1AD9-4318-AEA5-B4F2700D32B6}.ApiHostPublish|Any CPU.Build.0 = Debug|Any CPU
		{AD02C54B-1AD9-4318-AEA5-B4F2700D32B6}.ApiHostPublish|x64.ActiveCfg = Debug|Any CPU
		{AD02C54B-1AD9-4318-AEA5-B4F2700D32B6}.ApiHostPublish|x64.Build.0 = Debug|Any CPU
		{AD02C54B-1AD9-4318-AEA5-B4F2700D32B6}.BsPortalPublish|Any CPU.ActiveCfg = Debug|Any CPU
		{AD02C54B-1AD9-4318-AEA5-B4F2700D32B6}.BsPortalPublish|Any CPU.Build.0 = Debug|Any CPU
		{AD02C54B-1AD9-4318-AEA5-B4F2700D32B6}.BsPortalPublish|x64.ActiveCfg = Debug|Any CPU
		{AD02C54B-1AD9-4318-AEA5-B4F2700D32B6}.BsPortalPublish|x64.Build.0 = Debug|Any CPU
		{AD02C54B-1AD9-4318-AEA5-B4F2700D32B6}.Debug|Any CPU.ActiveCfg = Debug|Any CPU
		{AD02C54B-1AD9-4318-AEA5-B4F2700D32B6}.Debug|Any CPU.Build.0 = Debug|Any CPU
		{AD02C54B-1AD9-4318-AEA5-B4F2700D32B6}.Debug|x64.ActiveCfg = Debug|Any CPU
		{AD02C54B-1AD9-4318-AEA5-B4F2700D32B6}.Debug|x64.Build.0 = Debug|Any CPU
		{AD02C54B-1AD9-4318-AEA5-B4F2700D32B6}.Release|Any CPU.ActiveCfg = Release|Any CPU
		{AD02C54B-1AD9-4318-AEA5-B4F2700D32B6}.Release|Any CPU.Build.0 = Release|Any CPU
		{AD02C54B-1AD9-4318-AEA5-B4F2700D32B6}.Release|x64.ActiveCfg = Release|Any CPU
		{AD02C54B-1AD9-4318-AEA5-B4F2700D32B6}.Release|x64.Build.0 = Release|Any CPU
		{AD02C54B-1AD9-4318-AEA5-B4F2700D32B6}.WpfPublish|Any CPU.ActiveCfg = Debug|Any CPU
		{AD02C54B-1AD9-4318-AEA5-B4F2700D32B6}.WpfPublish|Any CPU.Build.0 = Debug|Any CPU
		{AD02C54B-1AD9-4318-AEA5-B4F2700D32B6}.WpfPublish|x64.ActiveCfg = Debug|Any CPU
		{AD02C54B-1AD9-4318-AEA5-B4F2700D32B6}.WpfPublish|x64.Build.0 = Debug|Any CPU
		{746BC33C-3BB3-4FC3-A370-5A650DF2C624}.ApiHostPublish|Any CPU.ActiveCfg = Debug|Any CPU
		{746BC33C-3BB3-4FC3-A370-5A650DF2C624}.ApiHostPublish|Any CPU.Build.0 = Debug|Any CPU
		{746BC33C-3BB3-4FC3-A370-5A650DF2C624}.ApiHostPublish|x64.ActiveCfg = Debug|Any CPU
		{746BC33C-3BB3-4FC3-A370-5A650DF2C624}.ApiHostPublish|x64.Build.0 = Debug|Any CPU
		{746BC33C-3BB3-4FC3-A370-5A650DF2C624}.BsPortalPublish|Any CPU.ActiveCfg = Debug|Any CPU
		{746BC33C-3BB3-4FC3-A370-5A650DF2C624}.BsPortalPublish|Any CPU.Build.0 = Debug|Any CPU
		{746BC33C-3BB3-4FC3-A370-5A650DF2C624}.BsPortalPublish|x64.ActiveCfg = Debug|Any CPU
		{746BC33C-3BB3-4FC3-A370-5A650DF2C624}.BsPortalPublish|x64.Build.0 = Debug|Any CPU
		{746BC33C-3BB3-4FC3-A370-5A650DF2C624}.Debug|Any CPU.ActiveCfg = Debug|Any CPU
		{746BC33C-3BB3-4FC3-A370-5A650DF2C624}.Debug|Any CPU.Build.0 = Debug|Any CPU
		{746BC33C-3BB3-4FC3-A370-5A650DF2C624}.Debug|x64.ActiveCfg = Debug|Any CPU
		{746BC33C-3BB3-4FC3-A370-5A650DF2C624}.Debug|x64.Build.0 = Debug|Any CPU
		{746BC33C-3BB3-4FC3-A370-5A650DF2C624}.Release|Any CPU.ActiveCfg = Release|Any CPU
		{746BC33C-3BB3-4FC3-A370-5A650DF2C624}.Release|Any CPU.Build.0 = Release|Any CPU
		{746BC33C-3BB3-4FC3-A370-5A650DF2C624}.Release|x64.ActiveCfg = Release|Any CPU
		{746BC33C-3BB3-4FC3-A370-5A650DF2C624}.Release|x64.Build.0 = Release|Any CPU
		{746BC33C-3BB3-4FC3-A370-5A650DF2C624}.WpfPublish|Any CPU.ActiveCfg = Debug|Any CPU
		{746BC33C-3BB3-4FC3-A370-5A650DF2C624}.WpfPublish|Any CPU.Build.0 = Debug|Any CPU
		{746BC33C-3BB3-4FC3-A370-5A650DF2C624}.WpfPublish|x64.ActiveCfg = Debug|Any CPU
		{746BC33C-3BB3-4FC3-A370-5A650DF2C624}.WpfPublish|x64.Build.0 = Debug|Any CPU
		{33D9819E-20CC-4C97-9448-57366A1F926D}.ApiHostPublish|Any CPU.ActiveCfg = Debug|Any CPU
		{33D9819E-20CC-4C97-9448-57366A1F926D}.ApiHostPublish|Any CPU.Build.0 = Debug|Any CPU
		{33D9819E-20CC-4C97-9448-57366A1F926D}.ApiHostPublish|x64.ActiveCfg = Debug|Any CPU
		{33D9819E-20CC-4C97-9448-57366A1F926D}.ApiHostPublish|x64.Build.0 = Debug|Any CPU
		{33D9819E-20CC-4C97-9448-57366A1F926D}.BsPortalPublish|Any CPU.ActiveCfg = Debug|Any CPU
		{33D9819E-20CC-4C97-9448-57366A1F926D}.BsPortalPublish|Any CPU.Build.0 = Debug|Any CPU
		{33D9819E-20CC-4C97-9448-57366A1F926D}.BsPortalPublish|x64.ActiveCfg = Debug|Any CPU
		{33D9819E-20CC-4C97-9448-57366A1F926D}.BsPortalPublish|x64.Build.0 = Debug|Any CPU
		{33D9819E-20CC-4C97-9448-57366A1F926D}.Debug|Any CPU.ActiveCfg = Debug|Any CPU
		{33D9819E-20CC-4C97-9448-57366A1F926D}.Debug|Any CPU.Build.0 = Debug|Any CPU
		{33D9819E-20CC-4C97-9448-57366A1F926D}.Debug|x64.ActiveCfg = Debug|Any CPU
		{33D9819E-20CC-4C97-9448-57366A1F926D}.Debug|x64.Build.0 = Debug|Any CPU
		{33D9819E-20CC-4C97-9448-57366A1F926D}.Release|Any CPU.ActiveCfg = Release|Any CPU
		{33D9819E-20CC-4C97-9448-57366A1F926D}.Release|Any CPU.Build.0 = Release|Any CPU
		{33D9819E-20CC-4C97-9448-57366A1F926D}.Release|x64.ActiveCfg = Release|Any CPU
		{33D9819E-20CC-4C97-9448-57366A1F926D}.Release|x64.Build.0 = Release|Any CPU
		{33D9819E-20CC-4C97-9448-57366A1F926D}.WpfPublish|Any CPU.ActiveCfg = Debug|Any CPU
		{33D9819E-20CC-4C97-9448-57366A1F926D}.WpfPublish|Any CPU.Build.0 = Debug|Any CPU
		{33D9819E-20CC-4C97-9448-57366A1F926D}.WpfPublish|x64.ActiveCfg = Debug|Any CPU
		{33D9819E-20CC-4C97-9448-57366A1F926D}.WpfPublish|x64.Build.0 = Debug|Any CPU
		{CF153606-E4EC-4144-A469-619F8FC333D3}.ApiHostPublish|Any CPU.ActiveCfg = Debug|Any CPU
		{CF153606-E4EC-4144-A469-619F8FC333D3}.ApiHostPublish|Any CPU.Build.0 = Debug|Any CPU
		{CF153606-E4EC-4144-A469-619F8FC333D3}.ApiHostPublish|x64.ActiveCfg = Debug|Any CPU
		{CF153606-E4EC-4144-A469-619F8FC333D3}.ApiHostPublish|x64.Build.0 = Debug|Any CPU
		{CF153606-E4EC-4144-A469-619F8FC333D3}.BsPortalPublish|Any CPU.ActiveCfg = Debug|Any CPU
		{CF153606-E4EC-4144-A469-619F8FC333D3}.BsPortalPublish|Any CPU.Build.0 = Debug|Any CPU
		{CF153606-E4EC-4144-A469-619F8FC333D3}.BsPortalPublish|x64.ActiveCfg = Debug|Any CPU
		{CF153606-E4EC-4144-A469-619F8FC333D3}.BsPortalPublish|x64.Build.0 = Debug|Any CPU
		{CF153606-E4EC-4144-A469-619F8FC333D3}.Debug|Any CPU.ActiveCfg = Debug|Any CPU
		{CF153606-E4EC-4144-A469-619F8FC333D3}.Debug|Any CPU.Build.0 = Debug|Any CPU
		{CF153606-E4EC-4144-A469-619F8FC333D3}.Debug|x64.ActiveCfg = Debug|Any CPU
		{CF153606-E4EC-4144-A469-619F8FC333D3}.Debug|x64.Build.0 = Debug|Any CPU
		{CF153606-E4EC-4144-A469-619F8FC333D3}.Release|Any CPU.ActiveCfg = Release|Any CPU
		{CF153606-E4EC-4144-A469-619F8FC333D3}.Release|Any CPU.Build.0 = Release|Any CPU
		{CF153606-E4EC-4144-A469-619F8FC333D3}.Release|x64.ActiveCfg = Release|Any CPU
		{CF153606-E4EC-4144-A469-619F8FC333D3}.Release|x64.Build.0 = Release|Any CPU
		{CF153606-E4EC-4144-A469-619F8FC333D3}.WpfPublish|Any CPU.ActiveCfg = Debug|Any CPU
		{CF153606-E4EC-4144-A469-619F8FC333D3}.WpfPublish|Any CPU.Build.0 = Debug|Any CPU
		{CF153606-E4EC-4144-A469-619F8FC333D3}.WpfPublish|x64.ActiveCfg = Debug|Any CPU
		{CF153606-E4EC-4144-A469-619F8FC333D3}.WpfPublish|x64.Build.0 = Debug|Any CPU
		{F66FB0B5-FAC6-4847-BCAD-11D517306C6C}.ApiHostPublish|Any CPU.ActiveCfg = Debug|Any CPU
		{F66FB0B5-FAC6-4847-BCAD-11D517306C6C}.ApiHostPublish|Any CPU.Build.0 = Debug|Any CPU
		{F66FB0B5-FAC6-4847-BCAD-11D517306C6C}.ApiHostPublish|x64.ActiveCfg = Debug|Any CPU
		{F66FB0B5-FAC6-4847-BCAD-11D517306C6C}.ApiHostPublish|x64.Build.0 = Debug|Any CPU
		{F66FB0B5-FAC6-4847-BCAD-11D517306C6C}.BsPortalPublish|Any CPU.ActiveCfg = Debug|Any CPU
		{F66FB0B5-FAC6-4847-BCAD-11D517306C6C}.BsPortalPublish|Any CPU.Build.0 = Debug|Any CPU
		{F66FB0B5-FAC6-4847-BCAD-11D517306C6C}.BsPortalPublish|x64.ActiveCfg = Debug|Any CPU
		{F66FB0B5-FAC6-4847-BCAD-11D517306C6C}.BsPortalPublish|x64.Build.0 = Debug|Any CPU
		{F66FB0B5-FAC6-4847-BCAD-11D517306C6C}.Debug|Any CPU.ActiveCfg = Debug|Any CPU
		{F66FB0B5-FAC6-4847-BCAD-11D517306C6C}.Debug|Any CPU.Build.0 = Debug|Any CPU
		{F66FB0B5-FAC6-4847-BCAD-11D517306C6C}.Debug|x64.ActiveCfg = Debug|Any CPU
		{F66FB0B5-FAC6-4847-BCAD-11D517306C6C}.Debug|x64.Build.0 = Debug|Any CPU
		{F66FB0B5-FAC6-4847-BCAD-11D517306C6C}.Release|Any CPU.ActiveCfg = Release|Any CPU
		{F66FB0B5-FAC6-4847-BCAD-11D517306C6C}.Release|Any CPU.Build.0 = Release|Any CPU
		{F66FB0B5-FAC6-4847-BCAD-11D517306C6C}.Release|x64.ActiveCfg = Release|Any CPU
		{F66FB0B5-FAC6-4847-BCAD-11D517306C6C}.Release|x64.Build.0 = Release|Any CPU
		{F66FB0B5-FAC6-4847-BCAD-11D517306C6C}.WpfPublish|Any CPU.ActiveCfg = Debug|Any CPU
		{F66FB0B5-FAC6-4847-BCAD-11D517306C6C}.WpfPublish|Any CPU.Build.0 = Debug|Any CPU
		{F66FB0B5-FAC6-4847-BCAD-11D517306C6C}.WpfPublish|x64.ActiveCfg = Debug|Any CPU
		{F66FB0B5-FAC6-4847-BCAD-11D517306C6C}.WpfPublish|x64.Build.0 = Debug|Any CPU
		{404E2993-464E-4109-981E-FD3AA0503A15}.ApiHostPublish|Any CPU.ActiveCfg = Debug|Any CPU
		{404E2993-464E-4109-981E-FD3AA0503A15}.ApiHostPublish|Any CPU.Build.0 = Debug|Any CPU
		{404E2993-464E-4109-981E-FD3AA0503A15}.ApiHostPublish|x64.ActiveCfg = Debug|Any CPU
		{404E2993-464E-4109-981E-FD3AA0503A15}.ApiHostPublish|x64.Build.0 = Debug|Any CPU
		{404E2993-464E-4109-981E-FD3AA0503A15}.BsPortalPublish|Any CPU.ActiveCfg = Debug|Any CPU
		{404E2993-464E-4109-981E-FD3AA0503A15}.BsPortalPublish|Any CPU.Build.0 = Debug|Any CPU
		{404E2993-464E-4109-981E-FD3AA0503A15}.BsPortalPublish|x64.ActiveCfg = Debug|Any CPU
		{404E2993-464E-4109-981E-FD3AA0503A15}.BsPortalPublish|x64.Build.0 = Debug|Any CPU
		{404E2993-464E-4109-981E-FD3AA0503A15}.Debug|Any CPU.ActiveCfg = Debug|Any CPU
		{404E2993-464E-4109-981E-FD3AA0503A15}.Debug|Any CPU.Build.0 = Debug|Any CPU
		{404E2993-464E-4109-981E-FD3AA0503A15}.Debug|x64.ActiveCfg = Debug|Any CPU
		{404E2993-464E-4109-981E-FD3AA0503A15}.Debug|x64.Build.0 = Debug|Any CPU
		{404E2993-464E-4109-981E-FD3AA0503A15}.Release|Any CPU.ActiveCfg = Release|Any CPU
		{404E2993-464E-4109-981E-FD3AA0503A15}.Release|Any CPU.Build.0 = Release|Any CPU
		{404E2993-464E-4109-981E-FD3AA0503A15}.Release|x64.ActiveCfg = Release|Any CPU
		{404E2993-464E-4109-981E-FD3AA0503A15}.Release|x64.Build.0 = Release|Any CPU
		{404E2993-464E-4109-981E-FD3AA0503A15}.WpfPublish|Any CPU.ActiveCfg = Debug|Any CPU
		{404E2993-464E-4109-981E-FD3AA0503A15}.WpfPublish|Any CPU.Build.0 = Debug|Any CPU
		{404E2993-464E-4109-981E-FD3AA0503A15}.WpfPublish|x64.ActiveCfg = Debug|Any CPU
		{404E2993-464E-4109-981E-FD3AA0503A15}.WpfPublish|x64.Build.0 = Debug|Any CPU
		{E089A850-85F8-47FB-9035-A5E5992982A6}.ApiHostPublish|Any CPU.ActiveCfg = Debug|Any CPU
		{E089A850-85F8-47FB-9035-A5E5992982A6}.ApiHostPublish|Any CPU.Build.0 = Debug|Any CPU
		{E089A850-85F8-47FB-9035-A5E5992982A6}.ApiHostPublish|x64.ActiveCfg = Debug|Any CPU
		{E089A850-85F8-47FB-9035-A5E5992982A6}.ApiHostPublish|x64.Build.0 = Debug|Any CPU
		{E089A850-85F8-47FB-9035-A5E5992982A6}.BsPortalPublish|Any CPU.ActiveCfg = Debug|Any CPU
		{E089A850-85F8-47FB-9035-A5E5992982A6}.BsPortalPublish|Any CPU.Build.0 = Debug|Any CPU
		{E089A850-85F8-47FB-9035-A5E5992982A6}.BsPortalPublish|x64.ActiveCfg = Debug|Any CPU
		{E089A850-85F8-47FB-9035-A5E5992982A6}.BsPortalPublish|x64.Build.0 = Debug|Any CPU
		{E089A850-85F8-47FB-9035-A5E5992982A6}.Debug|Any CPU.ActiveCfg = Debug|Any CPU
		{E089A850-85F8-47FB-9035-A5E5992982A6}.Debug|Any CPU.Build.0 = Debug|Any CPU
		{E089A850-85F8-47FB-9035-A5E5992982A6}.Debug|x64.ActiveCfg = Debug|Any CPU
		{E089A850-85F8-47FB-9035-A5E5992982A6}.Debug|x64.Build.0 = Debug|Any CPU
		{E089A850-85F8-47FB-9035-A5E5992982A6}.Release|Any CPU.ActiveCfg = Release|Any CPU
		{E089A850-85F8-47FB-9035-A5E5992982A6}.Release|Any CPU.Build.0 = Release|Any CPU
		{E089A850-85F8-47FB-9035-A5E5992982A6}.Release|x64.ActiveCfg = Release|Any CPU
		{E089A850-85F8-47FB-9035-A5E5992982A6}.Release|x64.Build.0 = Release|Any CPU
		{E089A850-85F8-47FB-9035-A5E5992982A6}.WpfPublish|Any CPU.ActiveCfg = Debug|Any CPU
		{E089A850-85F8-47FB-9035-A5E5992982A6}.WpfPublish|Any CPU.Build.0 = Debug|Any CPU
		{E089A850-85F8-47FB-9035-A5E5992982A6}.WpfPublish|x64.ActiveCfg = Debug|Any CPU
		{E089A850-85F8-47FB-9035-A5E5992982A6}.WpfPublish|x64.Build.0 = Debug|Any CPU
		{614E2445-6335-48AA-8EAB-50FD4952F7A6}.ApiHostPublish|Any CPU.ActiveCfg = Debug|Any CPU
		{614E2445-6335-48AA-8EAB-50FD4952F7A6}.ApiHostPublish|Any CPU.Build.0 = Debug|Any CPU
		{614E2445-6335-48AA-8EAB-50FD4952F7A6}.ApiHostPublish|x64.ActiveCfg = Debug|Any CPU
		{614E2445-6335-48AA-8EAB-50FD4952F7A6}.ApiHostPublish|x64.Build.0 = Debug|Any CPU
		{614E2445-6335-48AA-8EAB-50FD4952F7A6}.BsPortalPublish|Any CPU.ActiveCfg = Debug|Any CPU
		{614E2445-6335-48AA-8EAB-50FD4952F7A6}.BsPortalPublish|Any CPU.Build.0 = Debug|Any CPU
		{614E2445-6335-48AA-8EAB-50FD4952F7A6}.BsPortalPublish|x64.ActiveCfg = Debug|Any CPU
		{614E2445-6335-48AA-8EAB-50FD4952F7A6}.BsPortalPublish|x64.Build.0 = Debug|Any CPU
		{614E2445-6335-48AA-8EAB-50FD4952F7A6}.Debug|Any CPU.ActiveCfg = Debug|Any CPU
		{614E2445-6335-48AA-8EAB-50FD4952F7A6}.Debug|Any CPU.Build.0 = Debug|Any CPU
		{614E2445-6335-48AA-8EAB-50FD4952F7A6}.Debug|x64.ActiveCfg = Debug|Any CPU
		{614E2445-6335-48AA-8EAB-50FD4952F7A6}.Debug|x64.Build.0 = Debug|Any CPU
		{614E2445-6335-48AA-8EAB-50FD4952F7A6}.Release|Any CPU.ActiveCfg = Release|Any CPU
		{614E2445-6335-48AA-8EAB-50FD4952F7A6}.Release|Any CPU.Build.0 = Release|Any CPU
		{614E2445-6335-48AA-8EAB-50FD4952F7A6}.Release|x64.ActiveCfg = Release|Any CPU
		{614E2445-6335-48AA-8EAB-50FD4952F7A6}.Release|x64.Build.0 = Release|Any CPU
		{614E2445-6335-48AA-8EAB-50FD4952F7A6}.WpfPublish|Any CPU.ActiveCfg = Debug|Any CPU
		{614E2445-6335-48AA-8EAB-50FD4952F7A6}.WpfPublish|Any CPU.Build.0 = Debug|Any CPU
		{614E2445-6335-48AA-8EAB-50FD4952F7A6}.WpfPublish|x64.ActiveCfg = Debug|Any CPU
		{614E2445-6335-48AA-8EAB-50FD4952F7A6}.WpfPublish|x64.Build.0 = Debug|Any CPU
		{EA697DCC-529C-4A89-8285-6606A09621CE}.ApiHostPublish|Any CPU.ActiveCfg = Debug|Any CPU
		{EA697DCC-529C-4A89-8285-6606A09621CE}.ApiHostPublish|Any CPU.Build.0 = Debug|Any CPU
		{EA697DCC-529C-4A89-8285-6606A09621CE}.ApiHostPublish|x64.ActiveCfg = Debug|Any CPU
		{EA697DCC-529C-4A89-8285-6606A09621CE}.ApiHostPublish|x64.Build.0 = Debug|Any CPU
		{EA697DCC-529C-4A89-8285-6606A09621CE}.BsPortalPublish|Any CPU.ActiveCfg = Debug|Any CPU
		{EA697DCC-529C-4A89-8285-6606A09621CE}.BsPortalPublish|Any CPU.Build.0 = Debug|Any CPU
		{EA697DCC-529C-4A89-8285-6606A09621CE}.BsPortalPublish|x64.ActiveCfg = Debug|Any CPU
		{EA697DCC-529C-4A89-8285-6606A09621CE}.BsPortalPublish|x64.Build.0 = Debug|Any CPU
		{EA697DCC-529C-4A89-8285-6606A09621CE}.Debug|Any CPU.ActiveCfg = Debug|Any CPU
		{EA697DCC-529C-4A89-8285-6606A09621CE}.Debug|Any CPU.Build.0 = Debug|Any CPU
		{EA697DCC-529C-4A89-8285-6606A09621CE}.Debug|x64.ActiveCfg = Debug|Any CPU
		{EA697DCC-529C-4A89-8285-6606A09621CE}.Debug|x64.Build.0 = Debug|Any CPU
		{EA697DCC-529C-4A89-8285-6606A09621CE}.Release|Any CPU.ActiveCfg = Release|Any CPU
		{EA697DCC-529C-4A89-8285-6606A09621CE}.Release|Any CPU.Build.0 = Release|Any CPU
		{EA697DCC-529C-4A89-8285-6606A09621CE}.Release|x64.ActiveCfg = Release|Any CPU
		{EA697DCC-529C-4A89-8285-6606A09621CE}.Release|x64.Build.0 = Release|Any CPU
		{EA697DCC-529C-4A89-8285-6606A09621CE}.WpfPublish|Any CPU.ActiveCfg = Debug|Any CPU
		{EA697DCC-529C-4A89-8285-6606A09621CE}.WpfPublish|Any CPU.Build.0 = Debug|Any CPU
		{EA697DCC-529C-4A89-8285-6606A09621CE}.WpfPublish|x64.ActiveCfg = Debug|Any CPU
		{EA697DCC-529C-4A89-8285-6606A09621CE}.WpfPublish|x64.Build.0 = Debug|Any CPU
		{10854724-C1C1-4F1F-ADB1-3626DB83486B}.ApiHostPublish|Any CPU.ActiveCfg = Debug|Any CPU
		{10854724-C1C1-4F1F-ADB1-3626DB83486B}.ApiHostPublish|Any CPU.Build.0 = Debug|Any CPU
		{10854724-C1C1-4F1F-ADB1-3626DB83486B}.ApiHostPublish|x64.ActiveCfg = Debug|Any CPU
		{10854724-C1C1-4F1F-ADB1-3626DB83486B}.ApiHostPublish|x64.Build.0 = Debug|Any CPU
		{10854724-C1C1-4F1F-ADB1-3626DB83486B}.BsPortalPublish|Any CPU.ActiveCfg = Debug|Any CPU
		{10854724-C1C1-4F1F-ADB1-3626DB83486B}.BsPortalPublish|Any CPU.Build.0 = Debug|Any CPU
		{10854724-C1C1-4F1F-ADB1-3626DB83486B}.BsPortalPublish|x64.ActiveCfg = Debug|Any CPU
		{10854724-C1C1-4F1F-ADB1-3626DB83486B}.BsPortalPublish|x64.Build.0 = Debug|Any CPU
		{10854724-C1C1-4F1F-ADB1-3626DB83486B}.Debug|Any CPU.ActiveCfg = Debug|Any CPU
		{10854724-C1C1-4F1F-ADB1-3626DB83486B}.Debug|Any CPU.Build.0 = Debug|Any CPU
		{10854724-C1C1-4F1F-ADB1-3626DB83486B}.Debug|x64.ActiveCfg = Debug|Any CPU
		{10854724-C1C1-4F1F-ADB1-3626DB83486B}.Debug|x64.Build.0 = Debug|Any CPU
		{10854724-C1C1-4F1F-ADB1-3626DB83486B}.Release|Any CPU.ActiveCfg = Release|Any CPU
		{10854724-C1C1-4F1F-ADB1-3626DB83486B}.Release|Any CPU.Build.0 = Release|Any CPU
		{10854724-C1C1-4F1F-ADB1-3626DB83486B}.Release|x64.ActiveCfg = Release|Any CPU
		{10854724-C1C1-4F1F-ADB1-3626DB83486B}.Release|x64.Build.0 = Release|Any CPU
		{10854724-C1C1-4F1F-ADB1-3626DB83486B}.WpfPublish|Any CPU.ActiveCfg = Debug|Any CPU
		{10854724-C1C1-4F1F-ADB1-3626DB83486B}.WpfPublish|Any CPU.Build.0 = Debug|Any CPU
		{10854724-C1C1-4F1F-ADB1-3626DB83486B}.WpfPublish|x64.ActiveCfg = Debug|Any CPU
		{10854724-C1C1-4F1F-ADB1-3626DB83486B}.WpfPublish|x64.Build.0 = Debug|Any CPU
		{36B969E7-18C3-4E7F-9671-AA9803909317}.ApiHostPublish|Any CPU.ActiveCfg = Debug|Any CPU
		{36B969E7-18C3-4E7F-9671-AA9803909317}.ApiHostPublish|Any CPU.Build.0 = Debug|Any CPU
		{36B969E7-18C3-4E7F-9671-AA9803909317}.ApiHostPublish|x64.ActiveCfg = Debug|Any CPU
		{36B969E7-18C3-4E7F-9671-AA9803909317}.ApiHostPublish|x64.Build.0 = Debug|Any CPU
		{36B969E7-18C3-4E7F-9671-AA9803909317}.BsPortalPublish|Any CPU.ActiveCfg = Debug|Any CPU
		{36B969E7-18C3-4E7F-9671-AA9803909317}.BsPortalPublish|Any CPU.Build.0 = Debug|Any CPU
		{36B969E7-18C3-4E7F-9671-AA9803909317}.BsPortalPublish|x64.ActiveCfg = Debug|Any CPU
		{36B969E7-18C3-4E7F-9671-AA9803909317}.BsPortalPublish|x64.Build.0 = Debug|Any CPU
		{36B969E7-18C3-4E7F-9671-AA9803909317}.Debug|Any CPU.ActiveCfg = Debug|Any CPU
		{36B969E7-18C3-4E7F-9671-AA9803909317}.Debug|Any CPU.Build.0 = Debug|Any CPU
		{36B969E7-18C3-4E7F-9671-AA9803909317}.Debug|x64.ActiveCfg = Debug|Any CPU
		{36B969E7-18C3-4E7F-9671-AA9803909317}.Debug|x64.Build.0 = Debug|Any CPU
		{36B969E7-18C3-4E7F-9671-AA9803909317}.Release|Any CPU.ActiveCfg = Release|Any CPU
		{36B969E7-18C3-4E7F-9671-AA9803909317}.Release|Any CPU.Build.0 = Release|Any CPU
		{36B969E7-18C3-4E7F-9671-AA9803909317}.Release|x64.ActiveCfg = Release|Any CPU
		{36B969E7-18C3-4E7F-9671-AA9803909317}.Release|x64.Build.0 = Release|Any CPU
		{36B969E7-18C3-4E7F-9671-AA9803909317}.WpfPublish|Any CPU.ActiveCfg = Debug|Any CPU
		{36B969E7-18C3-4E7F-9671-AA9803909317}.WpfPublish|Any CPU.Build.0 = Debug|Any CPU
		{36B969E7-18C3-4E7F-9671-AA9803909317}.WpfPublish|x64.ActiveCfg = Debug|Any CPU
		{36B969E7-18C3-4E7F-9671-AA9803909317}.WpfPublish|x64.Build.0 = Debug|Any CPU
		{4B51966A-E118-4C3C-8901-8B62B7787C0E}.ApiHostPublish|Any CPU.ActiveCfg = Debug|Any CPU
		{4B51966A-E118-4C3C-8901-8B62B7787C0E}.ApiHostPublish|Any CPU.Build.0 = Debug|Any CPU
		{4B51966A-E118-4C3C-8901-8B62B7787C0E}.ApiHostPublish|x64.ActiveCfg = Debug|Any CPU
		{4B51966A-E118-4C3C-8901-8B62B7787C0E}.ApiHostPublish|x64.Build.0 = Debug|Any CPU
		{4B51966A-E118-4C3C-8901-8B62B7787C0E}.BsPortalPublish|Any CPU.ActiveCfg = Debug|Any CPU
		{4B51966A-E118-4C3C-8901-8B62B7787C0E}.BsPortalPublish|Any CPU.Build.0 = Debug|Any CPU
		{4B51966A-E118-4C3C-8901-8B62B7787C0E}.BsPortalPublish|x64.ActiveCfg = Debug|Any CPU
		{4B51966A-E118-4C3C-8901-8B62B7787C0E}.BsPortalPublish|x64.Build.0 = Debug|Any CPU
		{4B51966A-E118-4C3C-8901-8B62B7787C0E}.Debug|Any CPU.ActiveCfg = Debug|Any CPU
		{4B51966A-E118-4C3C-8901-8B62B7787C0E}.Debug|Any CPU.Build.0 = Debug|Any CPU
		{4B51966A-E118-4C3C-8901-8B62B7787C0E}.Debug|x64.ActiveCfg = Debug|Any CPU
		{4B51966A-E118-4C3C-8901-8B62B7787C0E}.Debug|x64.Build.0 = Debug|Any CPU
		{4B51966A-E118-4C3C-8901-8B62B7787C0E}.Release|Any CPU.ActiveCfg = Release|Any CPU
		{4B51966A-E118-4C3C-8901-8B62B7787C0E}.Release|Any CPU.Build.0 = Release|Any CPU
		{4B51966A-E118-4C3C-8901-8B62B7787C0E}.Release|x64.ActiveCfg = Release|Any CPU
		{4B51966A-E118-4C3C-8901-8B62B7787C0E}.Release|x64.Build.0 = Release|Any CPU
		{4B51966A-E118-4C3C-8901-8B62B7787C0E}.WpfPublish|Any CPU.ActiveCfg = Debug|Any CPU
		{4B51966A-E118-4C3C-8901-8B62B7787C0E}.WpfPublish|Any CPU.Build.0 = Debug|Any CPU
		{4B51966A-E118-4C3C-8901-8B62B7787C0E}.WpfPublish|x64.ActiveCfg = Debug|Any CPU
		{4B51966A-E118-4C3C-8901-8B62B7787C0E}.WpfPublish|x64.Build.0 = Debug|Any CPU
		{2185ED75-9BD4-48A0-BF99-E3277247A7A8}.ApiHostPublish|Any CPU.ActiveCfg = Debug|Any CPU
		{2185ED75-9BD4-48A0-BF99-E3277247A7A8}.ApiHostPublish|Any CPU.Build.0 = Debug|Any CPU
		{2185ED75-9BD4-48A0-BF99-E3277247A7A8}.ApiHostPublish|x64.ActiveCfg = Debug|Any CPU
		{2185ED75-9BD4-48A0-BF99-E3277247A7A8}.ApiHostPublish|x64.Build.0 = Debug|Any CPU
		{2185ED75-9BD4-48A0-BF99-E3277247A7A8}.BsPortalPublish|Any CPU.ActiveCfg = Debug|Any CPU
		{2185ED75-9BD4-48A0-BF99-E3277247A7A8}.BsPortalPublish|Any CPU.Build.0 = Debug|Any CPU
		{2185ED75-9BD4-48A0-BF99-E3277247A7A8}.BsPortalPublish|x64.ActiveCfg = Debug|Any CPU
		{2185ED75-9BD4-48A0-BF99-E3277247A7A8}.BsPortalPublish|x64.Build.0 = Debug|Any CPU
		{2185ED75-9BD4-48A0-BF99-E3277247A7A8}.Debug|Any CPU.ActiveCfg = Debug|Any CPU
		{2185ED75-9BD4-48A0-BF99-E3277247A7A8}.Debug|Any CPU.Build.0 = Debug|Any CPU
		{2185ED75-9BD4-48A0-BF99-E3277247A7A8}.Debug|x64.ActiveCfg = Debug|Any CPU
		{2185ED75-9BD4-48A0-BF99-E3277247A7A8}.Debug|x64.Build.0 = Debug|Any CPU
		{2185ED75-9BD4-48A0-BF99-E3277247A7A8}.Release|Any CPU.ActiveCfg = Release|Any CPU
		{2185ED75-9BD4-48A0-BF99-E3277247A7A8}.Release|Any CPU.Build.0 = Release|Any CPU
		{2185ED75-9BD4-48A0-BF99-E3277247A7A8}.Release|x64.ActiveCfg = Release|Any CPU
		{2185ED75-9BD4-48A0-BF99-E3277247A7A8}.Release|x64.Build.0 = Release|Any CPU
		{2185ED75-9BD4-48A0-BF99-E3277247A7A8}.WpfPublish|Any CPU.ActiveCfg = Debug|Any CPU
		{2185ED75-9BD4-48A0-BF99-E3277247A7A8}.WpfPublish|Any CPU.Build.0 = Debug|Any CPU
		{2185ED75-9BD4-48A0-BF99-E3277247A7A8}.WpfPublish|x64.ActiveCfg = Debug|Any CPU
		{2185ED75-9BD4-48A0-BF99-E3277247A7A8}.WpfPublish|x64.Build.0 = Debug|Any CPU
		{F7FBEFBE-3056-40C2-B2E1-713250462952}.ApiHostPublish|Any CPU.ActiveCfg = Debug|Any CPU
		{F7FBEFBE-3056-40C2-B2E1-713250462952}.ApiHostPublish|Any CPU.Build.0 = Debug|Any CPU
		{F7FBEFBE-3056-40C2-B2E1-713250462952}.ApiHostPublish|x64.ActiveCfg = Debug|Any CPU
		{F7FBEFBE-3056-40C2-B2E1-713250462952}.ApiHostPublish|x64.Build.0 = Debug|Any CPU
		{F7FBEFBE-3056-40C2-B2E1-713250462952}.BsPortalPublish|Any CPU.ActiveCfg = Debug|Any CPU
		{F7FBEFBE-3056-40C2-B2E1-713250462952}.BsPortalPublish|Any CPU.Build.0 = Debug|Any CPU
		{F7FBEFBE-3056-40C2-B2E1-713250462952}.BsPortalPublish|x64.ActiveCfg = Debug|Any CPU
		{F7FBEFBE-3056-40C2-B2E1-713250462952}.BsPortalPublish|x64.Build.0 = Debug|Any CPU
		{F7FBEFBE-3056-40C2-B2E1-713250462952}.Debug|Any CPU.ActiveCfg = Debug|Any CPU
		{F7FBEFBE-3056-40C2-B2E1-713250462952}.Debug|Any CPU.Build.0 = Debug|Any CPU
		{F7FBEFBE-3056-40C2-B2E1-713250462952}.Debug|x64.ActiveCfg = Debug|Any CPU
		{F7FBEFBE-3056-40C2-B2E1-713250462952}.Debug|x64.Build.0 = Debug|Any CPU
		{F7FBEFBE-3056-40C2-B2E1-713250462952}.Release|Any CPU.ActiveCfg = Release|Any CPU
		{F7FBEFBE-3056-40C2-B2E1-713250462952}.Release|Any CPU.Build.0 = Release|Any CPU
		{F7FBEFBE-3056-40C2-B2E1-713250462952}.Release|x64.ActiveCfg = Release|Any CPU
		{F7FBEFBE-3056-40C2-B2E1-713250462952}.Release|x64.Build.0 = Release|Any CPU
		{F7FBEFBE-3056-40C2-B2E1-713250462952}.WpfPublish|Any CPU.ActiveCfg = Debug|Any CPU
		{F7FBEFBE-3056-40C2-B2E1-713250462952}.WpfPublish|Any CPU.Build.0 = Debug|Any CPU
		{F7FBEFBE-3056-40C2-B2E1-713250462952}.WpfPublish|x64.ActiveCfg = Debug|Any CPU
		{F7FBEFBE-3056-40C2-B2E1-713250462952}.WpfPublish|x64.Build.0 = Debug|Any CPU
		{34B90F93-137D-4A4A-9A03-C6B7C22D4106}.ApiHostPublish|Any CPU.ActiveCfg = Debug|Any CPU
		{34B90F93-137D-4A4A-9A03-C6B7C22D4106}.ApiHostPublish|Any CPU.Build.0 = Debug|Any CPU
		{34B90F93-137D-4A4A-9A03-C6B7C22D4106}.ApiHostPublish|x64.ActiveCfg = Debug|Any CPU
		{34B90F93-137D-4A4A-9A03-C6B7C22D4106}.ApiHostPublish|x64.Build.0 = Debug|Any CPU
		{34B90F93-137D-4A4A-9A03-C6B7C22D4106}.BsPortalPublish|Any CPU.ActiveCfg = Debug|Any CPU
		{34B90F93-137D-4A4A-9A03-C6B7C22D4106}.BsPortalPublish|Any CPU.Build.0 = Debug|Any CPU
		{34B90F93-137D-4A4A-9A03-C6B7C22D4106}.BsPortalPublish|x64.ActiveCfg = Debug|Any CPU
		{34B90F93-137D-4A4A-9A03-C6B7C22D4106}.BsPortalPublish|x64.Build.0 = Debug|Any CPU
		{34B90F93-137D-4A4A-9A03-C6B7C22D4106}.Debug|Any CPU.ActiveCfg = Debug|Any CPU
		{34B90F93-137D-4A4A-9A03-C6B7C22D4106}.Debug|Any CPU.Build.0 = Debug|Any CPU
		{34B90F93-137D-4A4A-9A03-C6B7C22D4106}.Debug|x64.ActiveCfg = Debug|Any CPU
		{34B90F93-137D-4A4A-9A03-C6B7C22D4106}.Debug|x64.Build.0 = Debug|Any CPU
		{34B90F93-137D-4A4A-9A03-C6B7C22D4106}.Release|Any CPU.ActiveCfg = Release|Any CPU
		{34B90F93-137D-4A4A-9A03-C6B7C22D4106}.Release|Any CPU.Build.0 = Release|Any CPU
		{34B90F93-137D-4A4A-9A03-C6B7C22D4106}.Release|x64.ActiveCfg = Release|Any CPU
		{34B90F93-137D-4A4A-9A03-C6B7C22D4106}.Release|x64.Build.0 = Release|Any CPU
		{34B90F93-137D-4A4A-9A03-C6B7C22D4106}.WpfPublish|Any CPU.ActiveCfg = Debug|Any CPU
		{34B90F93-137D-4A4A-9A03-C6B7C22D4106}.WpfPublish|Any CPU.Build.0 = Debug|Any CPU
		{34B90F93-137D-4A4A-9A03-C6B7C22D4106}.WpfPublish|x64.ActiveCfg = Debug|Any CPU
		{34B90F93-137D-4A4A-9A03-C6B7C22D4106}.WpfPublish|x64.Build.0 = Debug|Any CPU
		{657D096B-8731-43ED-98AF-BF11E78E0CFF}.ApiHostPublish|Any CPU.ActiveCfg = Debug|Any CPU
		{657D096B-8731-43ED-98AF-BF11E78E0CFF}.ApiHostPublish|Any CPU.Build.0 = Debug|Any CPU
		{657D096B-8731-43ED-98AF-BF11E78E0CFF}.ApiHostPublish|x64.ActiveCfg = Debug|Any CPU
		{657D096B-8731-43ED-98AF-BF11E78E0CFF}.ApiHostPublish|x64.Build.0 = Debug|Any CPU
		{657D096B-8731-43ED-98AF-BF11E78E0CFF}.BsPortalPublish|Any CPU.ActiveCfg = Debug|Any CPU
		{657D096B-8731-43ED-98AF-BF11E78E0CFF}.BsPortalPublish|Any CPU.Build.0 = Debug|Any CPU
		{657D096B-8731-43ED-98AF-BF11E78E0CFF}.BsPortalPublish|x64.ActiveCfg = Debug|Any CPU
		{657D096B-8731-43ED-98AF-BF11E78E0CFF}.BsPortalPublish|x64.Build.0 = Debug|Any CPU
		{657D096B-8731-43ED-98AF-BF11E78E0CFF}.Debug|Any CPU.ActiveCfg = Debug|Any CPU
		{657D096B-8731-43ED-98AF-BF11E78E0CFF}.Debug|Any CPU.Build.0 = Debug|Any CPU
		{657D096B-8731-43ED-98AF-BF11E78E0CFF}.Debug|x64.ActiveCfg = Debug|Any CPU
		{657D096B-8731-43ED-98AF-BF11E78E0CFF}.Debug|x64.Build.0 = Debug|Any CPU
		{657D096B-8731-43ED-98AF-BF11E78E0CFF}.Release|Any CPU.ActiveCfg = Release|Any CPU
		{657D096B-8731-43ED-98AF-BF11E78E0CFF}.Release|Any CPU.Build.0 = Release|Any CPU
		{657D096B-8731-43ED-98AF-BF11E78E0CFF}.Release|x64.ActiveCfg = Release|Any CPU
		{657D096B-8731-43ED-98AF-BF11E78E0CFF}.Release|x64.Build.0 = Release|Any CPU
		{657D096B-8731-43ED-98AF-BF11E78E0CFF}.WpfPublish|Any CPU.ActiveCfg = Debug|Any CPU
		{657D096B-8731-43ED-98AF-BF11E78E0CFF}.WpfPublish|Any CPU.Build.0 = Debug|Any CPU
		{657D096B-8731-43ED-98AF-BF11E78E0CFF}.WpfPublish|x64.ActiveCfg = Debug|Any CPU
		{657D096B-8731-43ED-98AF-BF11E78E0CFF}.WpfPublish|x64.Build.0 = Debug|Any CPU
		{73BFB5E1-0512-485C-8E69-F022D1F59D95}.ApiHostPublish|Any CPU.ActiveCfg = Debug|Any CPU
		{73BFB5E1-0512-485C-8E69-F022D1F59D95}.ApiHostPublish|Any CPU.Build.0 = Debug|Any CPU
		{73BFB5E1-0512-485C-8E69-F022D1F59D95}.ApiHostPublish|x64.ActiveCfg = Debug|Any CPU
		{73BFB5E1-0512-485C-8E69-F022D1F59D95}.ApiHostPublish|x64.Build.0 = Debug|Any CPU
		{73BFB5E1-0512-485C-8E69-F022D1F59D95}.BsPortalPublish|Any CPU.ActiveCfg = Debug|Any CPU
		{73BFB5E1-0512-485C-8E69-F022D1F59D95}.BsPortalPublish|Any CPU.Build.0 = Debug|Any CPU
		{73BFB5E1-0512-485C-8E69-F022D1F59D95}.BsPortalPublish|x64.ActiveCfg = Debug|Any CPU
		{73BFB5E1-0512-485C-8E69-F022D1F59D95}.BsPortalPublish|x64.Build.0 = Debug|Any CPU
		{73BFB5E1-0512-485C-8E69-F022D1F59D95}.Debug|Any CPU.ActiveCfg = Debug|Any CPU
		{73BFB5E1-0512-485C-8E69-F022D1F59D95}.Debug|Any CPU.Build.0 = Debug|Any CPU
		{73BFB5E1-0512-485C-8E69-F022D1F59D95}.Debug|x64.ActiveCfg = Debug|Any CPU
		{73BFB5E1-0512-485C-8E69-F022D1F59D95}.Debug|x64.Build.0 = Debug|Any CPU
		{73BFB5E1-0512-485C-8E69-F022D1F59D95}.Release|Any CPU.ActiveCfg = Release|Any CPU
		{73BFB5E1-0512-485C-8E69-F022D1F59D95}.Release|Any CPU.Build.0 = Release|Any CPU
		{73BFB5E1-0512-485C-8E69-F022D1F59D95}.Release|x64.ActiveCfg = Release|Any CPU
		{73BFB5E1-0512-485C-8E69-F022D1F59D95}.Release|x64.Build.0 = Release|Any CPU
		{73BFB5E1-0512-485C-8E69-F022D1F59D95}.WpfPublish|Any CPU.ActiveCfg = Debug|Any CPU
		{73BFB5E1-0512-485C-8E69-F022D1F59D95}.WpfPublish|Any CPU.Build.0 = Debug|Any CPU
		{73BFB5E1-0512-485C-8E69-F022D1F59D95}.WpfPublish|x64.ActiveCfg = Debug|Any CPU
		{73BFB5E1-0512-485C-8E69-F022D1F59D95}.WpfPublish|x64.Build.0 = Debug|Any CPU
		{7728B946-AB54-4215-928C-D459C04319B5}.ApiHostPublish|Any CPU.ActiveCfg = Debug|Any CPU
		{7728B946-AB54-4215-928C-D459C04319B5}.ApiHostPublish|Any CPU.Build.0 = Debug|Any CPU
		{7728B946-AB54-4215-928C-D459C04319B5}.ApiHostPublish|x64.ActiveCfg = Debug|Any CPU
		{7728B946-AB54-4215-928C-D459C04319B5}.ApiHostPublish|x64.Build.0 = Debug|Any CPU
		{7728B946-AB54-4215-928C-D459C04319B5}.BsPortalPublish|Any CPU.ActiveCfg = Debug|Any CPU
		{7728B946-AB54-4215-928C-D459C04319B5}.BsPortalPublish|Any CPU.Build.0 = Debug|Any CPU
		{7728B946-AB54-4215-928C-D459C04319B5}.BsPortalPublish|x64.ActiveCfg = Debug|Any CPU
		{7728B946-AB54-4215-928C-D459C04319B5}.BsPortalPublish|x64.Build.0 = Debug|Any CPU
		{7728B946-AB54-4215-928C-D459C04319B5}.Debug|Any CPU.ActiveCfg = Debug|Any CPU
		{7728B946-AB54-4215-928C-D459C04319B5}.Debug|Any CPU.Build.0 = Debug|Any CPU
		{7728B946-AB54-4215-928C-D459C04319B5}.Debug|x64.ActiveCfg = Debug|Any CPU
		{7728B946-AB54-4215-928C-D459C04319B5}.Debug|x64.Build.0 = Debug|Any CPU
		{7728B946-AB54-4215-928C-D459C04319B5}.Release|Any CPU.ActiveCfg = Release|Any CPU
		{7728B946-AB54-4215-928C-D459C04319B5}.Release|Any CPU.Build.0 = Release|Any CPU
		{7728B946-AB54-4215-928C-D459C04319B5}.Release|x64.ActiveCfg = Release|Any CPU
		{7728B946-AB54-4215-928C-D459C04319B5}.Release|x64.Build.0 = Release|Any CPU
		{7728B946-AB54-4215-928C-D459C04319B5}.WpfPublish|Any CPU.ActiveCfg = Debug|Any CPU
		{7728B946-AB54-4215-928C-D459C04319B5}.WpfPublish|Any CPU.Build.0 = Debug|Any CPU
		{7728B946-AB54-4215-928C-D459C04319B5}.WpfPublish|x64.ActiveCfg = Debug|Any CPU
		{7728B946-AB54-4215-928C-D459C04319B5}.WpfPublish|x64.Build.0 = Debug|Any CPU
		{222836DA-48C0-43F8-9583-B84DBAD4A982}.ApiHostPublish|Any CPU.ActiveCfg = Debug|Any CPU
		{222836DA-48C0-43F8-9583-B84DBAD4A982}.ApiHostPublish|Any CPU.Build.0 = Debug|Any CPU
		{222836DA-48C0-43F8-9583-B84DBAD4A982}.ApiHostPublish|x64.ActiveCfg = Debug|Any CPU
		{222836DA-48C0-43F8-9583-B84DBAD4A982}.ApiHostPublish|x64.Build.0 = Debug|Any CPU
		{222836DA-48C0-43F8-9583-B84DBAD4A982}.BsPortalPublish|Any CPU.ActiveCfg = Debug|Any CPU
		{222836DA-48C0-43F8-9583-B84DBAD4A982}.BsPortalPublish|Any CPU.Build.0 = Debug|Any CPU
		{222836DA-48C0-43F8-9583-B84DBAD4A982}.BsPortalPublish|x64.ActiveCfg = Debug|Any CPU
		{222836DA-48C0-43F8-9583-B84DBAD4A982}.BsPortalPublish|x64.Build.0 = Debug|Any CPU
		{222836DA-48C0-43F8-9583-B84DBAD4A982}.Debug|Any CPU.ActiveCfg = Debug|Any CPU
		{222836DA-48C0-43F8-9583-B84DBAD4A982}.Debug|Any CPU.Build.0 = Debug|Any CPU
		{222836DA-48C0-43F8-9583-B84DBAD4A982}.Debug|x64.ActiveCfg = Debug|Any CPU
		{222836DA-48C0-43F8-9583-B84DBAD4A982}.Debug|x64.Build.0 = Debug|Any CPU
		{222836DA-48C0-43F8-9583-B84DBAD4A982}.Release|Any CPU.ActiveCfg = Release|Any CPU
		{222836DA-48C0-43F8-9583-B84DBAD4A982}.Release|Any CPU.Build.0 = Release|Any CPU
		{222836DA-48C0-43F8-9583-B84DBAD4A982}.Release|x64.ActiveCfg = Release|Any CPU
		{222836DA-48C0-43F8-9583-B84DBAD4A982}.Release|x64.Build.0 = Release|Any CPU
		{222836DA-48C0-43F8-9583-B84DBAD4A982}.WpfPublish|Any CPU.ActiveCfg = Debug|Any CPU
		{222836DA-48C0-43F8-9583-B84DBAD4A982}.WpfPublish|Any CPU.Build.0 = Debug|Any CPU
		{222836DA-48C0-43F8-9583-B84DBAD4A982}.WpfPublish|x64.ActiveCfg = Debug|Any CPU
		{222836DA-48C0-43F8-9583-B84DBAD4A982}.WpfPublish|x64.Build.0 = Debug|Any CPU
		{4C7BF328-BBB7-4188-825F-6FE773BF2B69}.ApiHostPublish|Any CPU.ActiveCfg = Debug|Any CPU
		{4C7BF328-BBB7-4188-825F-6FE773BF2B69}.ApiHostPublish|Any CPU.Build.0 = Debug|Any CPU
		{4C7BF328-BBB7-4188-825F-6FE773BF2B69}.ApiHostPublish|x64.ActiveCfg = Debug|Any CPU
		{4C7BF328-BBB7-4188-825F-6FE773BF2B69}.ApiHostPublish|x64.Build.0 = Debug|Any CPU
		{4C7BF328-BBB7-4188-825F-6FE773BF2B69}.BsPortalPublish|Any CPU.ActiveCfg = Debug|Any CPU
		{4C7BF328-BBB7-4188-825F-6FE773BF2B69}.BsPortalPublish|Any CPU.Build.0 = Debug|Any CPU
		{4C7BF328-BBB7-4188-825F-6FE773BF2B69}.BsPortalPublish|x64.ActiveCfg = Debug|Any CPU
		{4C7BF328-BBB7-4188-825F-6FE773BF2B69}.BsPortalPublish|x64.Build.0 = Debug|Any CPU
		{4C7BF328-BBB7-4188-825F-6FE773BF2B69}.Debug|Any CPU.ActiveCfg = Debug|Any CPU
		{4C7BF328-BBB7-4188-825F-6FE773BF2B69}.Debug|Any CPU.Build.0 = Debug|Any CPU
		{4C7BF328-BBB7-4188-825F-6FE773BF2B69}.Debug|x64.ActiveCfg = Debug|Any CPU
		{4C7BF328-BBB7-4188-825F-6FE773BF2B69}.Debug|x64.Build.0 = Debug|Any CPU
		{4C7BF328-BBB7-4188-825F-6FE773BF2B69}.Release|Any CPU.ActiveCfg = Release|Any CPU
		{4C7BF328-BBB7-4188-825F-6FE773BF2B69}.Release|Any CPU.Build.0 = Release|Any CPU
		{4C7BF328-BBB7-4188-825F-6FE773BF2B69}.Release|x64.ActiveCfg = Release|Any CPU
		{4C7BF328-BBB7-4188-825F-6FE773BF2B69}.Release|x64.Build.0 = Release|Any CPU
		{4C7BF328-BBB7-4188-825F-6FE773BF2B69}.WpfPublish|Any CPU.ActiveCfg = Debug|Any CPU
		{4C7BF328-BBB7-4188-825F-6FE773BF2B69}.WpfPublish|Any CPU.Build.0 = Debug|Any CPU
		{4C7BF328-BBB7-4188-825F-6FE773BF2B69}.WpfPublish|x64.ActiveCfg = Debug|Any CPU
		{4C7BF328-BBB7-4188-825F-6FE773BF2B69}.WpfPublish|x64.Build.0 = Debug|Any CPU
		{6C22CF7C-4565-4A36-B300-8E45365D1247}.ApiHostPublish|Any CPU.ActiveCfg = Debug|Any CPU
		{6C22CF7C-4565-4A36-B300-8E45365D1247}.ApiHostPublish|Any CPU.Build.0 = Debug|Any CPU
		{6C22CF7C-4565-4A36-B300-8E45365D1247}.ApiHostPublish|x64.ActiveCfg = Debug|Any CPU
		{6C22CF7C-4565-4A36-B300-8E45365D1247}.ApiHostPublish|x64.Build.0 = Debug|Any CPU
		{6C22CF7C-4565-4A36-B300-8E45365D1247}.BsPortalPublish|Any CPU.ActiveCfg = Debug|Any CPU
		{6C22CF7C-4565-4A36-B300-8E45365D1247}.BsPortalPublish|Any CPU.Build.0 = Debug|Any CPU
		{6C22CF7C-4565-4A36-B300-8E45365D1247}.BsPortalPublish|x64.ActiveCfg = Debug|Any CPU
		{6C22CF7C-4565-4A36-B300-8E45365D1247}.BsPortalPublish|x64.Build.0 = Debug|Any CPU
		{6C22CF7C-4565-4A36-B300-8E45365D1247}.Debug|Any CPU.ActiveCfg = Debug|Any CPU
		{6C22CF7C-4565-4A36-B300-8E45365D1247}.Debug|Any CPU.Build.0 = Debug|Any CPU
		{6C22CF7C-4565-4A36-B300-8E45365D1247}.Debug|x64.ActiveCfg = Debug|Any CPU
		{6C22CF7C-4565-4A36-B300-8E45365D1247}.Debug|x64.Build.0 = Debug|Any CPU
		{6C22CF7C-4565-4A36-B300-8E45365D1247}.Release|Any CPU.ActiveCfg = Release|Any CPU
		{6C22CF7C-4565-4A36-B300-8E45365D1247}.Release|Any CPU.Build.0 = Release|Any CPU
		{6C22CF7C-4565-4A36-B300-8E45365D1247}.Release|x64.ActiveCfg = Release|Any CPU
		{6C22CF7C-4565-4A36-B300-8E45365D1247}.Release|x64.Build.0 = Release|Any CPU
		{6C22CF7C-4565-4A36-B300-8E45365D1247}.WpfPublish|Any CPU.ActiveCfg = Debug|Any CPU
		{6C22CF7C-4565-4A36-B300-8E45365D1247}.WpfPublish|Any CPU.Build.0 = Debug|Any CPU
		{6C22CF7C-4565-4A36-B300-8E45365D1247}.WpfPublish|x64.ActiveCfg = Debug|Any CPU
		{6C22CF7C-4565-4A36-B300-8E45365D1247}.WpfPublish|x64.Build.0 = Debug|Any CPU
		{C93810B6-4FAF-4CA0-B4D8-7BE6EC882878}.ApiHostPublish|Any CPU.ActiveCfg = Debug|Any CPU
		{C93810B6-4FAF-4CA0-B4D8-7BE6EC882878}.ApiHostPublish|Any CPU.Build.0 = Debug|Any CPU
		{C93810B6-4FAF-4CA0-B4D8-7BE6EC882878}.ApiHostPublish|x64.ActiveCfg = Debug|Any CPU
		{C93810B6-4FAF-4CA0-B4D8-7BE6EC882878}.ApiHostPublish|x64.Build.0 = Debug|Any CPU
		{C93810B6-4FAF-4CA0-B4D8-7BE6EC882878}.BsPortalPublish|Any CPU.ActiveCfg = Debug|Any CPU
		{C93810B6-4FAF-4CA0-B4D8-7BE6EC882878}.BsPortalPublish|Any CPU.Build.0 = Debug|Any CPU
		{C93810B6-4FAF-4CA0-B4D8-7BE6EC882878}.BsPortalPublish|x64.ActiveCfg = Debug|Any CPU
		{C93810B6-4FAF-4CA0-B4D8-7BE6EC882878}.BsPortalPublish|x64.Build.0 = Debug|Any CPU
		{C93810B6-4FAF-4CA0-B4D8-7BE6EC882878}.Debug|Any CPU.ActiveCfg = Debug|Any CPU
		{C93810B6-4FAF-4CA0-B4D8-7BE6EC882878}.Debug|Any CPU.Build.0 = Debug|Any CPU
		{C93810B6-4FAF-4CA0-B4D8-7BE6EC882878}.Debug|x64.ActiveCfg = Debug|Any CPU
		{C93810B6-4FAF-4CA0-B4D8-7BE6EC882878}.Debug|x64.Build.0 = Debug|Any CPU
		{C93810B6-4FAF-4CA0-B4D8-7BE6EC882878}.Release|Any CPU.ActiveCfg = Release|Any CPU
		{C93810B6-4FAF-4CA0-B4D8-7BE6EC882878}.Release|Any CPU.Build.0 = Release|Any CPU
		{C93810B6-4FAF-4CA0-B4D8-7BE6EC882878}.Release|x64.ActiveCfg = Release|Any CPU
		{C93810B6-4FAF-4CA0-B4D8-7BE6EC882878}.Release|x64.Build.0 = Release|Any CPU
		{C93810B6-4FAF-4CA0-B4D8-7BE6EC882878}.WpfPublish|Any CPU.ActiveCfg = Debug|Any CPU
		{C93810B6-4FAF-4CA0-B4D8-7BE6EC882878}.WpfPublish|Any CPU.Build.0 = Debug|Any CPU
		{C93810B6-4FAF-4CA0-B4D8-7BE6EC882878}.WpfPublish|x64.ActiveCfg = Debug|Any CPU
		{C93810B6-4FAF-4CA0-B4D8-7BE6EC882878}.WpfPublish|x64.Build.0 = Debug|Any CPU
		{545C4850-E624-4856-B102-A8C65FF739BB}.ApiHostPublish|Any CPU.ActiveCfg = Debug|Any CPU
		{545C4850-E624-4856-B102-A8C65FF739BB}.ApiHostPublish|Any CPU.Build.0 = Debug|Any CPU
		{545C4850-E624-4856-B102-A8C65FF739BB}.ApiHostPublish|x64.ActiveCfg = Debug|Any CPU
		{545C4850-E624-4856-B102-A8C65FF739BB}.ApiHostPublish|x64.Build.0 = Debug|Any CPU
		{545C4850-E624-4856-B102-A8C65FF739BB}.BsPortalPublish|Any CPU.ActiveCfg = Debug|Any CPU
		{545C4850-E624-4856-B102-A8C65FF739BB}.BsPortalPublish|Any CPU.Build.0 = Debug|Any CPU
		{545C4850-E624-4856-B102-A8C65FF739BB}.BsPortalPublish|x64.ActiveCfg = Debug|Any CPU
		{545C4850-E624-4856-B102-A8C65FF739BB}.BsPortalPublish|x64.Build.0 = Debug|Any CPU
		{545C4850-E624-4856-B102-A8C65FF739BB}.Debug|Any CPU.ActiveCfg = Debug|Any CPU
		{545C4850-E624-4856-B102-A8C65FF739BB}.Debug|Any CPU.Build.0 = Debug|Any CPU
		{545C4850-E624-4856-B102-A8C65FF739BB}.Debug|x64.ActiveCfg = Debug|Any CPU
		{545C4850-E624-4856-B102-A8C65FF739BB}.Debug|x64.Build.0 = Debug|Any CPU
		{545C4850-E624-4856-B102-A8C65FF739BB}.Release|Any CPU.ActiveCfg = Release|Any CPU
		{545C4850-E624-4856-B102-A8C65FF739BB}.Release|Any CPU.Build.0 = Release|Any CPU
		{545C4850-E624-4856-B102-A8C65FF739BB}.Release|x64.ActiveCfg = Release|Any CPU
		{545C4850-E624-4856-B102-A8C65FF739BB}.Release|x64.Build.0 = Release|Any CPU
		{545C4850-E624-4856-B102-A8C65FF739BB}.WpfPublish|Any CPU.ActiveCfg = Debug|Any CPU
		{545C4850-E624-4856-B102-A8C65FF739BB}.WpfPublish|Any CPU.Build.0 = Debug|Any CPU
		{545C4850-E624-4856-B102-A8C65FF739BB}.WpfPublish|x64.ActiveCfg = Debug|Any CPU
		{545C4850-E624-4856-B102-A8C65FF739BB}.WpfPublish|x64.Build.0 = Debug|Any CPU
	EndGlobalSection
	GlobalSection(SolutionProperties) = preSolution
		HideSolutionNode = FALSE
	EndGlobalSection
	GlobalSection(NestedProjects) = preSolution
		{D25EEE1D-DB4C-4F00-99E2-ECD646903BD3} = {A56834BF-DC60-4C8B-AA57-1F3071276CAC}
		{962F2E56-023F-4A9B-B656-A8EA9AB4137C} = {A56834BF-DC60-4C8B-AA57-1F3071276CAC}
		{10E05872-2F71-4FB8-9C64-8A2204D0AA9B} = {A56834BF-DC60-4C8B-AA57-1F3071276CAC}
		{FB18FFC3-0616-4A52-9673-0DFB212DD8C9} = {A56834BF-DC60-4C8B-AA57-1F3071276CAC}
		{1F4E5579-55BB-49BF-B12B-735305898366} = {FB18FFC3-0616-4A52-9673-0DFB212DD8C9}
		{CE92718A-D689-40AB-A35F-01C25FADDCF7} = {FB18FFC3-0616-4A52-9673-0DFB212DD8C9}
		{DFFF16F1-ABF7-4B0A-958A-47A3C24A0968} = {A56834BF-DC60-4C8B-AA57-1F3071276CAC}
		{7AEAF957-4E72-442F-98F5-1E5C20F6061B} = {DFFF16F1-ABF7-4B0A-958A-47A3C24A0968}
		{73F875FF-C341-455C-A98C-65C504B98F49} = {DFFF16F1-ABF7-4B0A-958A-47A3C24A0968}
		{D9A02574-ABBC-4543-AB37-5B53F3177A33} = {D25EEE1D-DB4C-4F00-99E2-ECD646903BD3}
		{0430015D-D0AA-4F7A-B0B3-A91C74614BC3} = {D25EEE1D-DB4C-4F00-99E2-ECD646903BD3}
		{10249E7D-7A99-42BC-9C7F-485DA2A45EC9} = {A56834BF-DC60-4C8B-AA57-1F3071276CAC}
		{86A0B837-35CA-4AD3-98F5-84C6FC9F27A2} = {10249E7D-7A99-42BC-9C7F-485DA2A45EC9}
		{F1A9225F-9E53-44B5-9E25-10AFABD67C5F} = {10249E7D-7A99-42BC-9C7F-485DA2A45EC9}
		{615E52A1-8419-4086-BA99-3A04F43E85AE} = {A56834BF-DC60-4C8B-AA57-1F3071276CAC}
		{8761B18B-C848-4168-8794-2C237D6C18DE} = {615E52A1-8419-4086-BA99-3A04F43E85AE}
		{9FC8541F-0532-41AA-A10A-F7531D3B98B3} = {615E52A1-8419-4086-BA99-3A04F43E85AE}
		{F83C5DCA-1829-47E3-B78C-D6D297FAC96E} = {962F2E56-023F-4A9B-B656-A8EA9AB4137C}
		{EA4CE800-3284-4DDA-8AB0-D23AEE9BA6C3} = {962F2E56-023F-4A9B-B656-A8EA9AB4137C}
		{6B46EBB1-3C1B-4D7E-B750-328B6925351F} = {A56834BF-DC60-4C8B-AA57-1F3071276CAC}
		{C3D2F0B3-C9CA-4D34-AB7B-93D5BA2470C7} = {A56834BF-DC60-4C8B-AA57-1F3071276CAC}
		{D1A2A7A2-C546-47AE-8F10-74585B7086EF} = {C3D2F0B3-C9CA-4D34-AB7B-93D5BA2470C7}
		{42BB6EFA-5918-46B5-8D28-66792C3D31C2} = {C3D2F0B3-C9CA-4D34-AB7B-93D5BA2470C7}
		{A90B6A6C-A9FC-46F2-91B9-4429502264E0} = {A56834BF-DC60-4C8B-AA57-1F3071276CAC}
		{F529E476-F85A-47BF-B6A3-D0F820DA1781} = {A90B6A6C-A9FC-46F2-91B9-4429502264E0}
		{48F35136-C9C4-413D-A8F6-9BB09EC374C2} = {A90B6A6C-A9FC-46F2-91B9-4429502264E0}
		{D2E864F8-FD7B-4D48-9768-2C700EF4ABE5} = {A90B6A6C-A9FC-46F2-91B9-4429502264E0}
		{E842A7BE-0CE6-4966-A097-A8B354F2B1CE} = {A56834BF-DC60-4C8B-AA57-1F3071276CAC}
		{523C7ACE-4CDD-470B-8241-E938303B2D2C} = {615E52A1-8419-4086-BA99-3A04F43E85AE}
		{93B67E62-03E2-4718-A269-B8119380A1B3} = {A56834BF-DC60-4C8B-AA57-1F3071276CAC}
		{DD93B19E-BA52-44C1-89CA-574781339D85} = {93B67E62-03E2-4718-A269-B8119380A1B3}
		{23FA042C-0B65-4E19-86DD-E138B5B07594} = {93B67E62-03E2-4718-A269-B8119380A1B3}
		{95F09100-2A65-4258-9256-33A38DC3965F} = {A56834BF-DC60-4C8B-AA57-1F3071276CAC}
		{2685A40A-1DA5-4E2B-8704-3CA153C9C8D7} = {95F09100-2A65-4258-9256-33A38DC3965F}
		{0FE97E48-67BB-4E8B-9E7E-31DBA49C1ABC} = {2685A40A-1DA5-4E2B-8704-3CA153C9C8D7}
		{AE7D5521-3B2B-4A40-A62D-49D46C16A916} = {95F09100-2A65-4258-9256-33A38DC3965F}
		{21115994-E2C0-4564-A60B-0CBFF1F28E60} = {AE7D5521-3B2B-4A40-A62D-49D46C16A916}
		{4040E97D-4558-4663-9D17-61C4BC08E2DB} = {AE7D5521-3B2B-4A40-A62D-49D46C16A916}
		{76654C46-A646-4267-84E0-B42DAFAA304C} = {A90B6A6C-A9FC-46F2-91B9-4429502264E0}
		{AD02C54B-1AD9-4318-AEA5-B4F2700D32B6} = {A90B6A6C-A9FC-46F2-91B9-4429502264E0}
		{746BC33C-3BB3-4FC3-A370-5A650DF2C624} = {A90B6A6C-A9FC-46F2-91B9-4429502264E0}
		{33D9819E-20CC-4C97-9448-57366A1F926D} = {A90B6A6C-A9FC-46F2-91B9-4429502264E0}
		{CF153606-E4EC-4144-A469-619F8FC333D3} = {A90B6A6C-A9FC-46F2-91B9-4429502264E0}
		{F66FB0B5-FAC6-4847-BCAD-11D517306C6C} = {A90B6A6C-A9FC-46F2-91B9-4429502264E0}
		{404E2993-464E-4109-981E-FD3AA0503A15} = {A90B6A6C-A9FC-46F2-91B9-4429502264E0}
		{E089A850-85F8-47FB-9035-A5E5992982A6} = {A90B6A6C-A9FC-46F2-91B9-4429502264E0}
		{614E2445-6335-48AA-8EAB-50FD4952F7A6} = {A90B6A6C-A9FC-46F2-91B9-4429502264E0}
		{EA697DCC-529C-4A89-8285-6606A09621CE} = {A56834BF-DC60-4C8B-AA57-1F3071276CAC}
		{10854724-C1C1-4F1F-ADB1-3626DB83486B} = {FB18FFC3-0616-4A52-9673-0DFB212DD8C9}
		{36B969E7-18C3-4E7F-9671-AA9803909317} = {A90B6A6C-A9FC-46F2-91B9-4429502264E0}
		{4B51966A-E118-4C3C-8901-8B62B7787C0E} = {A90B6A6C-A9FC-46F2-91B9-4429502264E0}
		{2185ED75-9BD4-48A0-BF99-E3277247A7A8} = {AE7D5521-3B2B-4A40-A62D-49D46C16A916}
		{F7FBEFBE-3056-40C2-B2E1-713250462952} = {AE7D5521-3B2B-4A40-A62D-49D46C16A916}
		{0000D7CE-C39D-4BC6-A322-60753575D379} = {95F09100-2A65-4258-9256-33A38DC3965F}
		{34B90F93-137D-4A4A-9A03-C6B7C22D4106} = {0000D7CE-C39D-4BC6-A322-60753575D379}
		{657D096B-8731-43ED-98AF-BF11E78E0CFF} = {0000D7CE-C39D-4BC6-A322-60753575D379}
		{73BFB5E1-0512-485C-8E69-F022D1F59D95} = {A90B6A6C-A9FC-46F2-91B9-4429502264E0}
		{7728B946-AB54-4215-928C-D459C04319B5} = {A90B6A6C-A9FC-46F2-91B9-4429502264E0}
		{222836DA-48C0-43F8-9583-B84DBAD4A982} = {A90B6A6C-A9FC-46F2-91B9-4429502264E0}
		{4C7BF328-BBB7-4188-825F-6FE773BF2B69} = {A90B6A6C-A9FC-46F2-91B9-4429502264E0}
		{6C22CF7C-4565-4A36-B300-8E45365D1247} = {A90B6A6C-A9FC-46F2-91B9-4429502264E0}
		{C93810B6-4FAF-4CA0-B4D8-7BE6EC882878} = {A90B6A6C-A9FC-46F2-91B9-4429502264E0}
		{545C4850-E624-4856-B102-A8C65FF739BB} = {A90B6A6C-A9FC-46F2-91B9-4429502264E0}
	EndGlobalSection
	GlobalSection(ExtensibilityGlobals) = postSolution
		SolutionGuid = {24963E6C-F8A5-4361-B2E1-D42BD691506A}
	EndGlobalSection
EndGlobal
