
Microsoft Visual Studio Solution File, Format Version 12.00
# Visual Studio Version 16
VisualStudioVersion = 16.0.34301.259
MinimumVisualStudioVersion = 10.0.40219.1
Project("{FAE04EC0-301F-11D3-BF4B-00C04F79EFBC}") = "SIE.XPCJ", "SIE.XPCJ\SIE.XPCJ.csproj", "{263CC724-E589-4A9C-8D55-58068C93F468}"
	ProjectSection(ProjectDependencies) = postProject
		{4277CAE0-F2AF-4EFD-9F69-B74ED9D07C44} = {4277CAE0-F2AF-4EFD-9F69-B74ED9D07C44}
	EndProjectSection
EndProject
Project("{FAE04EC0-301F-11D3-BF4B-00C04F79EFBC}") = "SIE.XPCJ.Starter", "SIE.XPCJ.Starter\SIE.XPCJ.Starter.csproj", "{C06E1940-C5DB-4E66-9264-7CD679C1AE75}"
EndProject
Project("{FAE04EC0-301F-11D3-BF4B-00C04F79EFBC}") = "SIE.XPCJ.Models", "SIE.XPCJ.Models\SIE.XPCJ.Models.csproj", "{8B360E6F-5BBC-4A2E-AB1A-0CC5E36DB773}"
EndProject
Project("{FAE04EC0-301F-11D3-BF4B-00C04F79EFBC}") = "SIE.XPCJ.Common", "SIE.XPCJ.Common\SIE.XPCJ.Common.csproj", "{4277CAE0-F2AF-4EFD-9F69-B74ED9D07C44}"
EndProject
Project("{FAE04EC0-301F-11D3-BF4B-00C04F79EFBC}") = "SIE.XPCJ.BussMove", "SIE.XPCJ.BussMove\SIE.XPCJ.BussMove.csproj", "{9B63708C-E3D7-4DA7-86EA-0CF7CDCE6298}"
EndProject
Project("{FAE04EC0-301F-11D3-BF4B-00C04F79EFBC}") = "SIE.XPCJ.BussNewPackage", "SIE.XPCJ.BussNewPackage\SIE.XPCJ.BussNewPackage.csproj", "{200A2F20-D488-4DB2-BA40-12297EA66CFF}"
EndProject
Project("{FAE04EC0-301F-11D3-BF4B-00C04F79EFBC}") = "SIE.XPCJ.BussInspects", "SIE.XPCJ.BussInspects\SIE.XPCJ.BussInspects.csproj", "{8C9E0AD1-45E5-4756-9ED3-EF911DA1DD38}"
EndProject
Project("{FAE04EC0-301F-11D3-BF4B-00C04F79EFBC}") = "SIE.XPCJ.BussLoadItems", "SIE.XPCJ.BussLoadItems\SIE.XPCJ.BussLoadItems.csproj", "{F26D533D-BA51-4250-BE35-DEA439F9E8C6}"
EndProject
Project("{FAE04EC0-301F-11D3-BF4B-00C04F79EFBC}") = "SIE.XPCJ.BussRepairs", "SIE.XPCJ.BussRepairs\SIE.XPCJ.BussRepairs.csproj", "{4EAF2DE5-5301-4F29-A7FF-79390E621BD1}"
EndProject
Project("{FAE04EC0-301F-11D3-BF4B-00C04F79EFBC}") = "SIE.XPCJ.BussRework", "SIE.XPCJ.BussRework\SIE.XPCJ.BussRework.csproj", "{76FDA4F0-9F1A-439D-9ECA-B06716680069}"
EndProject
Global
	GlobalSection(SolutionConfigurationPlatforms) = preSolution
		Debug|Any CPU = Debug|Any CPU
		Release|Any CPU = Release|Any CPU
	EndGlobalSection
	GlobalSection(ProjectConfigurationPlatforms) = postSolution
		{263CC724-E589-4A9C-8D55-58068C93F468}.Debug|Any CPU.ActiveCfg = Debug|Any CPU
		{263CC724-E589-4A9C-8D55-58068C93F468}.Debug|Any CPU.Build.0 = Debug|Any CPU
		{263CC724-E589-4A9C-8D55-58068C93F468}.Release|Any CPU.ActiveCfg = Release|Any CPU
		{263CC724-E589-4A9C-8D55-58068C93F468}.Release|Any CPU.Build.0 = Release|Any CPU
		{C06E1940-C5DB-4E66-9264-7CD679C1AE75}.Debug|Any CPU.ActiveCfg = Debug|Any CPU
		{C06E1940-C5DB-4E66-9264-7CD679C1AE75}.Debug|Any CPU.Build.0 = Debug|Any CPU
		{C06E1940-C5DB-4E66-9264-7CD679C1AE75}.Release|Any CPU.ActiveCfg = Release|Any CPU
		{C06E1940-C5DB-4E66-9264-7CD679C1AE75}.Release|Any CPU.Build.0 = Release|Any CPU
		{8B360E6F-5BBC-4A2E-AB1A-0CC5E36DB773}.Debug|Any CPU.ActiveCfg = Debug|Any CPU
		{8B360E6F-5BBC-4A2E-AB1A-0CC5E36DB773}.Debug|Any CPU.Build.0 = Debug|Any CPU
		{8B360E6F-5BBC-4A2E-AB1A-0CC5E36DB773}.Release|Any CPU.ActiveCfg = Release|Any CPU
		{8B360E6F-5BBC-4A2E-AB1A-0CC5E36DB773}.Release|Any CPU.Build.0 = Release|Any CPU
		{4277CAE0-F2AF-4EFD-9F69-B74ED9D07C44}.Debug|Any CPU.ActiveCfg = Debug|Any CPU
		{4277CAE0-F2AF-4EFD-9F69-B74ED9D07C44}.Debug|Any CPU.Build.0 = Debug|Any CPU
		{4277CAE0-F2AF-4EFD-9F69-B74ED9D07C44}.Release|Any CPU.ActiveCfg = Release|Any CPU
		{4277CAE0-F2AF-4EFD-9F69-B74ED9D07C44}.Release|Any CPU.Build.0 = Release|Any CPU
		{9B63708C-E3D7-4DA7-86EA-0CF7CDCE6298}.Debug|Any CPU.ActiveCfg = Debug|Any CPU
		{9B63708C-E3D7-4DA7-86EA-0CF7CDCE6298}.Debug|Any CPU.Build.0 = Debug|Any CPU
		{9B63708C-E3D7-4DA7-86EA-0CF7CDCE6298}.Release|Any CPU.ActiveCfg = Release|Any CPU
		{9B63708C-E3D7-4DA7-86EA-0CF7CDCE6298}.Release|Any CPU.Build.0 = Release|Any CPU
		{200A2F20-D488-4DB2-BA40-12297EA66CFF}.Debug|Any CPU.ActiveCfg = Debug|Any CPU
		{200A2F20-D488-4DB2-BA40-12297EA66CFF}.Debug|Any CPU.Build.0 = Debug|Any CPU
		{200A2F20-D488-4DB2-BA40-12297EA66CFF}.Release|Any CPU.ActiveCfg = Release|Any CPU
		{200A2F20-D488-4DB2-BA40-12297EA66CFF}.Release|Any CPU.Build.0 = Release|Any CPU
		{8C9E0AD1-45E5-4756-9ED3-EF911DA1DD38}.Debug|Any CPU.ActiveCfg = Debug|Any CPU
		{8C9E0AD1-45E5-4756-9ED3-EF911DA1DD38}.Debug|Any CPU.Build.0 = Debug|Any CPU
		{8C9E0AD1-45E5-4756-9ED3-EF911DA1DD38}.Release|Any CPU.ActiveCfg = Release|Any CPU
		{8C9E0AD1-45E5-4756-9ED3-EF911DA1DD38}.Release|Any CPU.Build.0 = Release|Any CPU
		{F26D533D-BA51-4250-BE35-DEA439F9E8C6}.Debug|Any CPU.ActiveCfg = Debug|Any CPU
		{F26D533D-BA51-4250-BE35-DEA439F9E8C6}.Debug|Any CPU.Build.0 = Debug|Any CPU
		{F26D533D-BA51-4250-BE35-DEA439F9E8C6}.Release|Any CPU.ActiveCfg = Release|Any CPU
		{F26D533D-BA51-4250-BE35-DEA439F9E8C6}.Release|Any CPU.Build.0 = Release|Any CPU
		{4EAF2DE5-5301-4F29-A7FF-79390E621BD1}.Debug|Any CPU.ActiveCfg = Debug|Any CPU
		{4EAF2DE5-5301-4F29-A7FF-79390E621BD1}.Debug|Any CPU.Build.0 = Debug|Any CPU
		{4EAF2DE5-5301-4F29-A7FF-79390E621BD1}.Release|Any CPU.ActiveCfg = Release|Any CPU
		{4EAF2DE5-5301-4F29-A7FF-79390E621BD1}.Release|Any CPU.Build.0 = Release|Any CPU
		{76FDA4F0-9F1A-439D-9ECA-B06716680069}.Debug|Any CPU.ActiveCfg = Debug|Any CPU
		{76FDA4F0-9F1A-439D-9ECA-B06716680069}.Debug|Any CPU.Build.0 = Debug|Any CPU
		{76FDA4F0-9F1A-439D-9ECA-B06716680069}.Release|Any CPU.ActiveCfg = Release|Any CPU
		{76FDA4F0-9F1A-439D-9ECA-B06716680069}.Release|Any CPU.Build.0 = Release|Any CPU
	EndGlobalSection
	GlobalSection(SolutionProperties) = preSolution
		HideSolutionNode = FALSE
	EndGlobalSection
	GlobalSection(ExtensibilityGlobals) = postSolution
		SolutionGuid = {D3ABB9C6-5624-49F1-A5E8-FF3A20BEA3B5}
	EndGlobalSection
	GlobalSection(TeamFoundationVersionControl) = preSolution
		SccNumberOfProjects = 11
		SccEnterpriseProvider = {4CA58AB2-18FA-4F8D-95D4-32DDF27D184C}
		SccTeamFoundationServer = http://192.168.175.249:8080/tfs/sie-smom
		SccLocalPath0 = .
		SccProjectUniqueName1 = SIE.XPCJ\\SIE.XPCJ.csproj
		SccProjectName1 = SIE.XPCJ
		SccLocalPath1 = SIE.XPCJ
		SccProjectUniqueName2 = SIE.XPCJ.Starter\\SIE.XPCJ.Starter.csproj
		SccProjectName2 = SIE.XPCJ.Starter
		SccLocalPath2 = SIE.XPCJ.Starter
		SccProjectUniqueName3 = SIE.XPCJ.Models\\SIE.XPCJ.Models.csproj
		SccProjectName3 = SIE.XPCJ.Models
		SccLocalPath3 = SIE.XPCJ.Models
		SccProjectUniqueName4 = SIE.XPCJ.Common\\SIE.XPCJ.Common.csproj
		SccProjectName4 = SIE.XPCJ.Common
		SccLocalPath4 = SIE.XPCJ.Common
		SccProjectUniqueName5 = SIE.XPCJ.BussMove\\SIE.XPCJ.BussMove.csproj
		SccProjectName5 = SIE.XPCJ.BussMove
		SccLocalPath5 = SIE.XPCJ.BussMove
		SccProjectUniqueName6 = SIE.XPCJ.BussNewPackage\\SIE.XPCJ.BussNewPackage.csproj
		SccProjectName6 = SIE.XPCJ.BussNewPackage
		SccLocalPath6 = SIE.XPCJ.BussNewPackage
		SccProjectUniqueName7 = SIE.XPCJ.BussInspects\\SIE.XPCJ.BussInspects.csproj
		SccProjectName7 = SIE.XPCJ.BussInspects
		SccLocalPath7 = SIE.XPCJ.BussInspects
		SccProjectUniqueName8 = SIE.XPCJ.BussLoadItems\\SIE.XPCJ.BussLoadItems.csproj
		SccProjectName8 = SIE.XPCJ.BussLoadItems
		SccLocalPath8 = SIE.XPCJ.BussLoadItems
		SccProjectUniqueName9 = SIE.XPCJ.BussRepairs\\SIE.XPCJ.BussRepairs.csproj
		SccProjectName9 = SIE.XPCJ.BussRepairs
		SccLocalPath9 = SIE.XPCJ.BussRepairs
		SccProjectUniqueName10 = SIE.XPCJ.BussRework\\SIE.XPCJ.BussRework.csproj
		SccProjectName10 = SIE.XPCJ.BussRework
		SccLocalPath10 = SIE.XPCJ.BussRework
	EndGlobalSection
EndGlobal
